PODS:
  - Charts/Core (2.2.5)
  - Charts/Realm (2.2.5):
    - Charts/Core
    - RealmSwift (~> 0.97)
  - Locksmith (2.0.8)
  - Realm (0.103.2):
    - Realm/Headers (= 0.103.2)
  - Realm/Headers (0.103.2)
  - RealmSwift (0.103.2):
    - Realm (= 0.103.2)

DEPENDENCIES:
  - Charts/Realm
  - Locksmith

SPEC CHECKSUMS:
  Charts: b48fcc8d7190de910ff9e9748f5360c8ea7856e5
  Locksmith: a8ed41ac4c06506ea8cb199d8ec8a8d3d108eb2a
  Realm: 448f0416079fe5b0ed947e7d86f3c4e1c75826cb
  RealmSwift: 8a45cc8f02dfac093b72a3b5a01d567e27e15891

PODFILE CHECKSUM: 105f4c6cdd0a9ab0c6208f3d277ff094a65b1ee0

COCOAPODS: 1.0.1
