// !$*UTF8*$!
{
	archiveVersion = 1;
	classes = {
	};
	objectVersion = 46;
	objects = {

/* Begin PBXBuildFile section */
		71FC9AF49B0EB5820A301DE4 /* Pods_KratosTests.framework in Frameworks */ = {isa = PBXBuildFile; fileRef = 6BE4ABF9591E077E906036EA /* Pods_KratosTests.framework */; };
		A0DD548B75376A90182B6EFF /* Pods_Kratos.framework in Frameworks */ = {isa = PBXBuildFile; fileRef = 86EC5E845D25026904F837F7 /* Pods_Kratos.framework */; };
		AF0EED461E0A078700E7A19C /* ErrorTypes.swift in Sources */ = {isa = PBXBuildFile; fileRef = AF0EED451E0A078700E7A19C /* ErrorTypes.swift */; };
		AF0EED481E0A0E8300E7A19C /* Tally.swift in Sources */ = {isa = PBXBuildFile; fileRef = AF0EED471E0A0E8300E7A19C /* Tally.swift */; };
		AF0EED4A1E0A192400E7A19C /* UserVote.swift in Sources */ = {isa = PBXBuildFile; fileRef = AF0EED491E0A192400E7A19C /* UserVote.swift */; };
		AF0EED4C1E0A245200E7A19C /* Person.swift in Sources */ = {isa = PBXBuildFile; fileRef = AF0EED4B1E0A245200E7A19C /* Person.swift */; };
		AF0EED4E1E0A246300E7A19C /* Role.swift in Sources */ = {isa = PBXBuildFile; fileRef = AF0EED4D1E0A246300E7A19C /* Role.swift */; };
		AF1AC54F1DF5A6A100DCBA13 /* UserNotifications.framework in Frameworks */ = {isa = PBXBuildFile; fileRef = AF1AC54E1DF5A6A100DCBA13 /* UserNotifications.framework */; };
		AF1AC5511DF5A6A100DCBA13 /* UserNotificationsUI.framework in Frameworks */ = {isa = PBXBuildFile; fileRef = AF1AC5501DF5A6A100DCBA13 /* UserNotificationsUI.framework */; };
		AF1AC5541DF5A6A100DCBA13 /* NotificationViewController.swift in Sources */ = {isa = PBXBuildFile; fileRef = AF1AC5531DF5A6A100DCBA13 /* NotificationViewController.swift */; };
		AF1AC5571DF5A6A100DCBA13 /* MainInterface.storyboard in Resources */ = {isa = PBXBuildFile; fileRef = AF1AC5551DF5A6A100DCBA13 /* MainInterface.storyboard */; };
		AF1AC55B1DF5A6A100DCBA13 /* KratoCustomNotification.appex in Embed App Extensions */ = {isa = PBXBuildFile; fileRef = AF1AC54D1DF5A6A100DCBA13 /* KratoCustomNotification.appex */; settings = {ATTRIBUTES = (RemoveHeadersOnCopy, ); }; };
		AF28197E1DF0EFF7001D5C93 /* KratosTextField.swift in Sources */ = {isa = PBXBuildFile; fileRef = AF28197D1DF0EFF7001D5C93 /* KratosTextField.swift */; };
		AF2819801DF0F006001D5C93 /* KratosTextField.xib in Resources */ = {isa = PBXBuildFile; fileRef = AF28197F1DF0F006001D5C93 /* KratosTextField.xib */; };
		AF2843991D5AD4D3007B3F18 /* Contstants.swift in Sources */ = {isa = PBXBuildFile; fileRef = AF2843981D5AD4D3007B3F18 /* Contstants.swift */; };
		AF28439B1D5AD686007B3F18 /* Datastore.swift in Sources */ = {isa = PBXBuildFile; fileRef = AF28439A1D5AD686007B3F18 /* Datastore.swift */; };
		AF28439D1D5ADAD9007B3F18 /* Pager.swift in Sources */ = {isa = PBXBuildFile; fileRef = AF28439C1D5ADAD9007B3F18 /* Pager.swift */; };
		AF2B8C6C1D62D21300C31FA9 /* RepresentativeView.swift in Sources */ = {isa = PBXBuildFile; fileRef = AF2B8C6B1D62D21300C31FA9 /* RepresentativeView.swift */; };
		AF2B8C6E1D62D22600C31FA9 /* RepresentativeView.xib in Resources */ = {isa = PBXBuildFile; fileRef = AF2B8C6D1D62D22600C31FA9 /* RepresentativeView.xib */; };
		AF2D3D061D5D85EF006B75D1 /* UIImage+Extension.swift in Sources */ = {isa = PBXBuildFile; fileRef = AF2D3D051D5D85EF006B75D1 /* UIImage+Extension.swift */; };
		AF2F92391E147D000041369E /* ButtonView.xib in Resources */ = {isa = PBXBuildFile; fileRef = AF2F92381E147D000041369E /* ButtonView.xib */; };
		AF2F923B1E147D090041369E /* ButtonView.swift in Sources */ = {isa = PBXBuildFile; fileRef = AF2F923A1E147D090041369E /* ButtonView.swift */; };
		AF2F923C1E15AC7A0041369E /* ShowMoreView.swift in Sources */ = {isa = PBXBuildFile; fileRef = AF2F922F1E14643B0041369E /* ShowMoreView.swift */; };
		AF2F923D1E15AC7E0041369E /* ShowMoreView.xib in Resources */ = {isa = PBXBuildFile; fileRef = AF2F92311E1464480041369E /* ShowMoreView.xib */; };
		AF2F923F1E15B40D0041369E /* StackViewView.swift in Sources */ = {isa = PBXBuildFile; fileRef = AF2F923E1E15B40D0041369E /* StackViewView.swift */; };
		AF2F92411E15B4390041369E /* StackViewView.xib in Resources */ = {isa = PBXBuildFile; fileRef = AF2F92401E15B4390041369E /* StackViewView.xib */; };
		AF2F92431E15CFC30041369E /* RepVotesView.xib in Resources */ = {isa = PBXBuildFile; fileRef = AF2F92421E15CFC30041369E /* RepVotesView.xib */; };
		AF2F92451E15CFD20041369E /* RepVotesView.swift in Sources */ = {isa = PBXBuildFile; fileRef = AF2F92441E15CFD20041369E /* RepVotesView.swift */; };
		AF2F92481E15DB470041369E /* RepVoteTableViewCell.xib in Resources */ = {isa = PBXBuildFile; fileRef = AF2F92471E15DB470041369E /* RepVoteTableViewCell.xib */; };
		AF3912F61DF84D2A00123B5C /* KratosTabBarController.swift in Sources */ = {isa = PBXBuildFile; fileRef = AF3912F41DF84D2A00123B5C /* KratosTabBarController.swift */; };
		AF3913081DFA36F000123B5C /* KeychainManager.swift in Sources */ = {isa = PBXBuildFile; fileRef = AF3913071DFA36F000123B5C /* KeychainManager.swift */; };
		AF39130A1DFA56E500123B5C /* YourVotesViewController.swift in Sources */ = {isa = PBXBuildFile; fileRef = AF3913091DFA56E500123B5C /* YourVotesViewController.swift */; };
		AF39130E1DFA577400123B5C /* YourVoteTableViewCell.swift in Sources */ = {isa = PBXBuildFile; fileRef = AF39130C1DFA577400123B5C /* YourVoteTableViewCell.swift */; };
		AF39130F1DFA577400123B5C /* YourVoteTableViewCell.xib in Resources */ = {isa = PBXBuildFile; fileRef = AF39130D1DFA577400123B5C /* YourVoteTableViewCell.xib */; };
		AF3C2FF21DD3570600353638 /* VoteDateHeaderView.xib in Resources */ = {isa = PBXBuildFile; fileRef = AF3C2FF11DD3570600353638 /* VoteDateHeaderView.xib */; };
		AF3C2FF41DD35C5500353638 /* Date+Extensions.swift in Sources */ = {isa = PBXBuildFile; fileRef = AF3C2FF31DD35C5500353638 /* Date+Extensions.swift */; };
		AF3DBCE91DD0C34B006B146F /* Array+Extensions.swift in Sources */ = {isa = PBXBuildFile; fileRef = AF3DBCE81DD0C34B006B146F /* Array+Extensions.swift */; };
		AF3DBCEC1DD21C29006B146F /* VoteDateHeaderView.swift in Sources */ = {isa = PBXBuildFile; fileRef = AF3DBCEB1DD21C29006B146F /* VoteDateHeaderView.swift */; };
		AF5793181D6D440400D86B73 /* Bill.swift in Sources */ = {isa = PBXBuildFile; fileRef = AF5793171D6D440400D86B73 /* Bill.swift */; };
		AF57931A1D6D4C0000D86B73 /* NSDateFormatter+Extensions.swift in Sources */ = {isa = PBXBuildFile; fileRef = AF5793191D6D4C0000D86B73 /* NSDateFormatter+Extensions.swift */; };
		AF6C29111DB9B94E004AA104 /* TallyViewController.swift in Sources */ = {isa = PBXBuildFile; fileRef = AF6C29101DB9B94E004AA104 /* TallyViewController.swift */; };
		AF89745F1D4D80E500C19020 /* AppDelegate.swift in Sources */ = {isa = PBXBuildFile; fileRef = AF89745E1D4D80E500C19020 /* AppDelegate.swift */; };
		AF8974611D4D80E500C19020 /* MainApplicationViewController.swift in Sources */ = {isa = PBXBuildFile; fileRef = AF8974601D4D80E500C19020 /* MainApplicationViewController.swift */; };
		AF8974641D4D80E500C19020 /* Main.storyboard in Resources */ = {isa = PBXBuildFile; fileRef = AF8974621D4D80E500C19020 /* Main.storyboard */; };
		AF8974661D4D80E500C19020 /* Assets.xcassets in Resources */ = {isa = PBXBuildFile; fileRef = AF8974651D4D80E500C19020 /* Assets.xcassets */; };
		AF8974691D4D80E500C19020 /* LaunchScreen.storyboard in Resources */ = {isa = PBXBuildFile; fileRef = AF8974671D4D80E500C19020 /* LaunchScreen.storyboard */; };
		AF89747F1D4D80E500C19020 /* KratosUITests.swift in Sources */ = {isa = PBXBuildFile; fileRef = AF89747E1D4D80E500C19020 /* KratosUITests.swift */; };
		AF8974941D4D887100C19020 /* SubmitAddressViewController.swift in Sources */ = {isa = PBXBuildFile; fileRef = AF8974931D4D887100C19020 /* SubmitAddressViewController.swift */; };
		AF8974961D4D88C500C19020 /* MainViewController.swift in Sources */ = {isa = PBXBuildFile; fileRef = AF8974951D4D88C500C19020 /* MainViewController.swift */; };
		AF89749A1D4D88F600C19020 /* BillViewController.swift in Sources */ = {isa = PBXBuildFile; fileRef = AF8974991D4D88F600C19020 /* BillViewController.swift */; };
		AF89749C1D4D8ADC00C19020 /* Vote.swift in Sources */ = {isa = PBXBuildFile; fileRef = AF89749B1D4D8ADC00C19020 /* Vote.swift */; };
		AF89749E1D4D8B2700C19020 /* Representative.swift in Sources */ = {isa = PBXBuildFile; fileRef = AF89749D1D4D8B2700C19020 /* Representative.swift */; };
		AF8974A81D4E784E00C19020 /* VoteTableViewCell.swift in Sources */ = {isa = PBXBuildFile; fileRef = AF8974A71D4E784E00C19020 /* VoteTableViewCell.swift */; };
		AF8974AA1D4E786E00C19020 /* VoteTableViewCell.xib in Resources */ = {isa = PBXBuildFile; fileRef = AF8974A91D4E786E00C19020 /* VoteTableViewCell.xib */; };
		AF8974AD1D4E969000C19020 /* APIService.swift in Sources */ = {isa = PBXBuildFile; fileRef = AF8974AC1D4E969000C19020 /* APIService.swift */; };
		AF8974AF1D4E98C700C19020 /* User.swift in Sources */ = {isa = PBXBuildFile; fileRef = AF8974AE1D4E98C700C19020 /* User.swift */; };
		AF8974B21D4E999C00C19020 /* InputValidation.swift in Sources */ = {isa = PBXBuildFile; fileRef = AF8974B11D4E999C00C19020 /* InputValidation.swift */; };
		AF8974B41D4EB71800C19020 /* UIViewController+Extensions.swift in Sources */ = {isa = PBXBuildFile; fileRef = AF8974B31D4EB71800C19020 /* UIViewController+Extensions.swift */; };
		AF8974B61D4EF39900C19020 /* String+Extensions.swift in Sources */ = {isa = PBXBuildFile; fileRef = AF8974B51D4EF39900C19020 /* String+Extensions.swift */; };
		AF8974B81D4F058E00C19020 /* UIColor+Extension.swift in Sources */ = {isa = PBXBuildFile; fileRef = AF8974B71D4F058E00C19020 /* UIColor+Extension.swift */; };
		AF8974BA1D5036DA00C19020 /* NSCharacterSet+Extensions.swift in Sources */ = {isa = PBXBuildFile; fileRef = AF8974B91D5036DA00C19020 /* NSCharacterSet+Extensions.swift */; };
		AF9F04921DC2480500A8BB74 /* SingleCommitteeTableViewCell.swift in Sources */ = {isa = PBXBuildFile; fileRef = AF9F04901DC2480500A8BB74 /* SingleCommitteeTableViewCell.swift */; };
		AF9F04931DC2480500A8BB74 /* SingleCommitteeTableViewCell.xib in Resources */ = {isa = PBXBuildFile; fileRef = AF9F04911DC2480500A8BB74 /* SingleCommitteeTableViewCell.xib */; };
		AF9F04961DC27DC000A8BB74 /* CoSponsorsTableViewCell.swift in Sources */ = {isa = PBXBuildFile; fileRef = AF9F04941DC27DC000A8BB74 /* CoSponsorsTableViewCell.swift */; };
		AF9F04971DC27DC000A8BB74 /* CoSponsorsTableViewCell.xib in Resources */ = {isa = PBXBuildFile; fileRef = AF9F04951DC27DC000A8BB74 /* CoSponsorsTableViewCell.xib */; };
		AFAC56EA1DDB3E5A007C1629 /* MenuViewController.swift in Sources */ = {isa = PBXBuildFile; fileRef = AFAC56E91DDB3E5A007C1629 /* MenuViewController.swift */; };
		AFB5CCA21DE0B595006E51A2 /* VoteHeaderView.swift in Sources */ = {isa = PBXBuildFile; fileRef = AFB5CCA11DE0B595006E51A2 /* VoteHeaderView.swift */; };
		AFB5CCA41DE0B5BB006E51A2 /* VoteHeaderView.xib in Resources */ = {isa = PBXBuildFile; fileRef = AFB5CCA31DE0B5BB006E51A2 /* VoteHeaderView.xib */; };
		AFB5CCA81DE0B6DD006E51A2 /* RepVoteTableViewCell.swift in Sources */ = {isa = PBXBuildFile; fileRef = AFB5CCA71DE0B6DD006E51A2 /* RepVoteTableViewCell.swift */; };
		AFB5CCAE1DE0B716006E51A2 /* VoteDetailsView.xib in Resources */ = {isa = PBXBuildFile; fileRef = AFB5CCAD1DE0B716006E51A2 /* VoteDetailsView.xib */; };
		AFB5CCB01DE0B725006E51A2 /* VoteDetailsView.swift in Sources */ = {isa = PBXBuildFile; fileRef = AFB5CCAF1DE0B725006E51A2 /* VoteDetailsView.swift */; };
		AFB5CCB21DE0B7F5006E51A2 /* BillHeaderView.swift in Sources */ = {isa = PBXBuildFile; fileRef = AFB5CCB11DE0B7F5006E51A2 /* BillHeaderView.swift */; };
		AFB5CCB41DE0B7FE006E51A2 /* BillHeaderView.xib in Resources */ = {isa = PBXBuildFile; fileRef = AFB5CCB31DE0B7FE006E51A2 /* BillHeaderView.xib */; };
		AFB5CCB61DE0B812006E51A2 /* BillCommitteesView.xib in Resources */ = {isa = PBXBuildFile; fileRef = AFB5CCB51DE0B812006E51A2 /* BillCommitteesView.xib */; };
		AFB5CCB81DE0B821006E51A2 /* BillCommitteesView.swift in Sources */ = {isa = PBXBuildFile; fileRef = AFB5CCB71DE0B821006E51A2 /* BillCommitteesView.swift */; };
		AFB5CCBA1DE0B834006E51A2 /* BillSponsorsView.swift in Sources */ = {isa = PBXBuildFile; fileRef = AFB5CCB91DE0B834006E51A2 /* BillSponsorsView.swift */; };
		AFB5CCBC1DE0B83F006E51A2 /* BillSponsorsView.xib in Resources */ = {isa = PBXBuildFile; fileRef = AFB5CCBB1DE0B83F006E51A2 /* BillSponsorsView.xib */; };
		AFD5AA971D9C3D0C00A5714C /* KratosTests.swift in Sources */ = {isa = PBXBuildFile; fileRef = AF8974731D4D80E500C19020 /* KratosTests.swift */; };
		AFD5AA9B1D9C618800A5714C /* URLRequest+Extension.swift in Sources */ = {isa = PBXBuildFile; fileRef = AFD5AA9A1D9C618800A5714C /* URLRequest+Extension.swift */; };
		AFD82F921D88FBFA00AEB559 /* LoginViewController.swift in Sources */ = {isa = PBXBuildFile; fileRef = AFD82F911D88FBFA00AEB559 /* LoginViewController.swift */; };
		AFE47F4B1DF344D500008CCB /* APIManager.swift in Sources */ = {isa = PBXBuildFile; fileRef = AFE47F4A1DF344D500008CCB /* APIManager.swift */; };
		AFE47F4D1DF34F1C00008CCB /* DatePickerView.swift in Sources */ = {isa = PBXBuildFile; fileRef = AFE47F4C1DF34F1C00008CCB /* DatePickerView.swift */; };
		AFE47F4F1DF34F2900008CCB /* DatePickerView.xib in Resources */ = {isa = PBXBuildFile; fileRef = AFE47F4E1DF34F2900008CCB /* DatePickerView.xib */; };
		AFE47F511DF4DC9100008CCB /* LoadMoreSpinnerView.swift in Sources */ = {isa = PBXBuildFile; fileRef = AFE47F501DF4DC9100008CCB /* LoadMoreSpinnerView.swift */; };
		AFE47F531DF4E9D900008CCB /* UserVoteView.swift in Sources */ = {isa = PBXBuildFile; fileRef = AFE47F521DF4E9D900008CCB /* UserVoteView.swift */; };
		AFE47F551DF4E9E700008CCB /* UserVoteView.xib in Resources */ = {isa = PBXBuildFile; fileRef = AFE47F541DF4E9E700008CCB /* UserVoteView.xib */; };
		AFF748101DC97FF500F519AE /* RepContactView.swift in Sources */ = {isa = PBXBuildFile; fileRef = AFF7480F1DC97FF500F519AE /* RepContactView.swift */; };
		AFF748121DC9800100F519AE /* RepContactView.xib in Resources */ = {isa = PBXBuildFile; fileRef = AFF748111DC9800100F519AE /* RepContactView.xib */; };
		AFF748171DCFF2F100F519AE /* PieChartView.swift in Sources */ = {isa = PBXBuildFile; fileRef = AFF748161DCFF2F100F519AE /* PieChartView.swift */; };
		AFF748191DCFF37700F519AE /* UIView+Extension.swift in Sources */ = {isa = PBXBuildFile; fileRef = AFF748181DCFF37700F519AE /* UIView+Extension.swift */; };
		AFF7481B1DD0081D00F519AE /* PieChartData.swift in Sources */ = {isa = PBXBuildFile; fileRef = AFF7481A1DD0081D00F519AE /* PieChartData.swift */; };
		AFF7481D1DD0203B00F519AE /* PieChartView.xib in Resources */ = {isa = PBXBuildFile; fileRef = AFF7481C1DD0203B00F519AE /* PieChartView.xib */; };
		E0BAAA2EC661D1AE55726E1A /* Pods_KratosUITests.framework in Frameworks */ = {isa = PBXBuildFile; fileRef = 0B3106BBC49F4921A587E0B9 /* Pods_KratosUITests.framework */; };
/* End PBXBuildFile section */

/* Begin PBXContainerItemProxy section */
		AF1AC5591DF5A6A100DCBA13 /* PBXContainerItemProxy */ = {
			isa = PBXContainerItemProxy;
			containerPortal = AF8974531D4D80E500C19020 /* Project object */;
			proxyType = 1;
			remoteGlobalIDString = AF1AC54C1DF5A6A100DCBA13;
			remoteInfo = KratoCustomNotification;
		};
		AF8974701D4D80E500C19020 /* PBXContainerItemProxy */ = {
			isa = PBXContainerItemProxy;
			containerPortal = AF8974531D4D80E500C19020 /* Project object */;
			proxyType = 1;
			remoteGlobalIDString = AF89745A1D4D80E500C19020;
			remoteInfo = Kratos;
		};
		AF89747B1D4D80E500C19020 /* PBXContainerItemProxy */ = {
			isa = PBXContainerItemProxy;
			containerPortal = AF8974531D4D80E500C19020 /* Project object */;
			proxyType = 1;
			remoteGlobalIDString = AF89745A1D4D80E500C19020;
			remoteInfo = Kratos;
		};
/* End PBXContainerItemProxy section */

/* Begin PBXCopyFilesBuildPhase section */
		AF1AC55F1DF5A6A100DCBA13 /* Embed App Extensions */ = {
			isa = PBXCopyFilesBuildPhase;
			buildActionMask = 2147483647;
			dstPath = "";
			dstSubfolderSpec = 13;
			files = (
				AF1AC55B1DF5A6A100DCBA13 /* KratoCustomNotification.appex in Embed App Extensions */,
			);
			name = "Embed App Extensions";
			runOnlyForDeploymentPostprocessing = 0;
		};
/* End PBXCopyFilesBuildPhase section */

/* Begin PBXFileReference section */
		0B3106BBC49F4921A587E0B9 /* Pods_KratosUITests.framework */ = {isa = PBXFileReference; explicitFileType = wrapper.framework; includeInIndex = 0; path = Pods_KratosUITests.framework; sourceTree = BUILT_PRODUCTS_DIR; };
		4BFF11366D212637D2B6765E /* Pods-KratosTests.release.xcconfig */ = {isa = PBXFileReference; includeInIndex = 1; lastKnownFileType = text.xcconfig; name = "Pods-KratosTests.release.xcconfig"; path = "Pods/Target Support Files/Pods-KratosTests/Pods-KratosTests.release.xcconfig"; sourceTree = "<group>"; };
		6BE4ABF9591E077E906036EA /* Pods_KratosTests.framework */ = {isa = PBXFileReference; explicitFileType = wrapper.framework; includeInIndex = 0; path = Pods_KratosTests.framework; sourceTree = BUILT_PRODUCTS_DIR; };
		76680437267A207995EC63FD /* Pods-KratosUITests.debug.xcconfig */ = {isa = PBXFileReference; includeInIndex = 1; lastKnownFileType = text.xcconfig; name = "Pods-KratosUITests.debug.xcconfig"; path = "Pods/Target Support Files/Pods-KratosUITests/Pods-KratosUITests.debug.xcconfig"; sourceTree = "<group>"; };
		86EC5E845D25026904F837F7 /* Pods_Kratos.framework */ = {isa = PBXFileReference; explicitFileType = wrapper.framework; includeInIndex = 0; path = Pods_Kratos.framework; sourceTree = BUILT_PRODUCTS_DIR; };
		9E2C0D1F0BFAA77B0FD2EA1F /* Pods-Kratos.debug.xcconfig */ = {isa = PBXFileReference; includeInIndex = 1; lastKnownFileType = text.xcconfig; name = "Pods-Kratos.debug.xcconfig"; path = "Pods/Target Support Files/Pods-Kratos/Pods-Kratos.debug.xcconfig"; sourceTree = "<group>"; };
		AF0EED451E0A078700E7A19C /* ErrorTypes.swift */ = {isa = PBXFileReference; fileEncoding = 4; lastKnownFileType = sourcecode.swift; path = ErrorTypes.swift; sourceTree = "<group>"; };
		AF0EED471E0A0E8300E7A19C /* Tally.swift */ = {isa = PBXFileReference; fileEncoding = 4; lastKnownFileType = sourcecode.swift; path = Tally.swift; sourceTree = "<group>"; };
		AF0EED491E0A192400E7A19C /* UserVote.swift */ = {isa = PBXFileReference; fileEncoding = 4; lastKnownFileType = sourcecode.swift; path = UserVote.swift; sourceTree = "<group>"; };
		AF0EED4B1E0A245200E7A19C /* Person.swift */ = {isa = PBXFileReference; fileEncoding = 4; lastKnownFileType = sourcecode.swift; path = Person.swift; sourceTree = "<group>"; };
		AF0EED4D1E0A246300E7A19C /* Role.swift */ = {isa = PBXFileReference; fileEncoding = 4; lastKnownFileType = sourcecode.swift; path = Role.swift; sourceTree = "<group>"; };
		AF1AC54D1DF5A6A100DCBA13 /* KratoCustomNotification.appex */ = {isa = PBXFileReference; explicitFileType = "wrapper.app-extension"; includeInIndex = 0; path = KratoCustomNotification.appex; sourceTree = BUILT_PRODUCTS_DIR; };
		AF1AC54E1DF5A6A100DCBA13 /* UserNotifications.framework */ = {isa = PBXFileReference; lastKnownFileType = wrapper.framework; name = UserNotifications.framework; path = System/Library/Frameworks/UserNotifications.framework; sourceTree = SDKROOT; };
		AF1AC5501DF5A6A100DCBA13 /* UserNotificationsUI.framework */ = {isa = PBXFileReference; lastKnownFileType = wrapper.framework; name = UserNotificationsUI.framework; path = System/Library/Frameworks/UserNotificationsUI.framework; sourceTree = SDKROOT; };
		AF1AC5531DF5A6A100DCBA13 /* NotificationViewController.swift */ = {isa = PBXFileReference; lastKnownFileType = sourcecode.swift; path = NotificationViewController.swift; sourceTree = "<group>"; };
		AF1AC5561DF5A6A100DCBA13 /* Base */ = {isa = PBXFileReference; lastKnownFileType = file.storyboard; name = Base; path = Base.lproj/MainInterface.storyboard; sourceTree = "<group>"; };
		AF1AC5581DF5A6A100DCBA13 /* Info.plist */ = {isa = PBXFileReference; lastKnownFileType = text.plist.xml; path = Info.plist; sourceTree = "<group>"; };
		AF28197D1DF0EFF7001D5C93 /* KratosTextField.swift */ = {isa = PBXFileReference; fileEncoding = 4; lastKnownFileType = sourcecode.swift; path = KratosTextField.swift; sourceTree = "<group>"; };
		AF28197F1DF0F006001D5C93 /* KratosTextField.xib */ = {isa = PBXFileReference; fileEncoding = 4; lastKnownFileType = file.xib; path = KratosTextField.xib; sourceTree = "<group>"; };
		AF2843981D5AD4D3007B3F18 /* Contstants.swift */ = {isa = PBXFileReference; fileEncoding = 4; lastKnownFileType = sourcecode.swift; path = Contstants.swift; sourceTree = "<group>"; };
		AF28439A1D5AD686007B3F18 /* Datastore.swift */ = {isa = PBXFileReference; fileEncoding = 4; lastKnownFileType = sourcecode.swift; path = Datastore.swift; sourceTree = "<group>"; };
		AF28439C1D5ADAD9007B3F18 /* Pager.swift */ = {isa = PBXFileReference; fileEncoding = 4; lastKnownFileType = sourcecode.swift; path = Pager.swift; sourceTree = "<group>"; };
		AF2B8C6B1D62D21300C31FA9 /* RepresentativeView.swift */ = {isa = PBXFileReference; fileEncoding = 4; lastKnownFileType = sourcecode.swift; name = RepresentativeView.swift; path = TableViewCells/RepresentativeView.swift; sourceTree = "<group>"; };
		AF2B8C6D1D62D22600C31FA9 /* RepresentativeView.xib */ = {isa = PBXFileReference; fileEncoding = 4; lastKnownFileType = file.xib; name = RepresentativeView.xib; path = TableViewCells/RepresentativeView.xib; sourceTree = "<group>"; };
		AF2D3D051D5D85EF006B75D1 /* UIImage+Extension.swift */ = {isa = PBXFileReference; fileEncoding = 4; lastKnownFileType = sourcecode.swift; path = "UIImage+Extension.swift"; sourceTree = "<group>"; };
		AF2F922F1E14643B0041369E /* ShowMoreView.swift */ = {isa = PBXFileReference; fileEncoding = 4; lastKnownFileType = sourcecode.swift; path = ShowMoreView.swift; sourceTree = "<group>"; };
		AF2F92311E1464480041369E /* ShowMoreView.xib */ = {isa = PBXFileReference; fileEncoding = 4; lastKnownFileType = file.xib; path = ShowMoreView.xib; sourceTree = "<group>"; };
		AF2F92381E147D000041369E /* ButtonView.xib */ = {isa = PBXFileReference; fileEncoding = 4; lastKnownFileType = file.xib; path = ButtonView.xib; sourceTree = "<group>"; };
		AF2F923A1E147D090041369E /* ButtonView.swift */ = {isa = PBXFileReference; fileEncoding = 4; lastKnownFileType = sourcecode.swift; path = ButtonView.swift; sourceTree = "<group>"; };
		AF2F923E1E15B40D0041369E /* StackViewView.swift */ = {isa = PBXFileReference; fileEncoding = 4; lastKnownFileType = sourcecode.swift; path = StackViewView.swift; sourceTree = "<group>"; };
		AF2F92401E15B4390041369E /* StackViewView.xib */ = {isa = PBXFileReference; fileEncoding = 4; lastKnownFileType = file.xib; path = StackViewView.xib; sourceTree = "<group>"; };
		AF2F92421E15CFC30041369E /* RepVotesView.xib */ = {isa = PBXFileReference; fileEncoding = 4; lastKnownFileType = file.xib; path = RepVotesView.xib; sourceTree = "<group>"; };
		AF2F92441E15CFD20041369E /* RepVotesView.swift */ = {isa = PBXFileReference; fileEncoding = 4; lastKnownFileType = sourcecode.swift; path = RepVotesView.swift; sourceTree = "<group>"; };
		AF2F92471E15DB470041369E /* RepVoteTableViewCell.xib */ = {isa = PBXFileReference; fileEncoding = 4; lastKnownFileType = file.xib; path = RepVoteTableViewCell.xib; sourceTree = "<group>"; };
		AF3912F41DF84D2A00123B5C /* KratosTabBarController.swift */ = {isa = PBXFileReference; fileEncoding = 4; lastKnownFileType = sourcecode.swift; name = KratosTabBarController.swift; path = Navigation/KratosTabBarController.swift; sourceTree = "<group>"; };
		AF3913071DFA36F000123B5C /* KeychainManager.swift */ = {isa = PBXFileReference; fileEncoding = 4; lastKnownFileType = sourcecode.swift; path = KeychainManager.swift; sourceTree = "<group>"; };
		AF3913091DFA56E500123B5C /* YourVotesViewController.swift */ = {isa = PBXFileReference; fileEncoding = 4; lastKnownFileType = sourcecode.swift; path = YourVotesViewController.swift; sourceTree = "<group>"; };
		AF39130C1DFA577400123B5C /* YourVoteTableViewCell.swift */ = {isa = PBXFileReference; fileEncoding = 4; lastKnownFileType = sourcecode.swift; path = YourVoteTableViewCell.swift; sourceTree = "<group>"; };
		AF39130D1DFA577400123B5C /* YourVoteTableViewCell.xib */ = {isa = PBXFileReference; fileEncoding = 4; lastKnownFileType = file.xib; path = YourVoteTableViewCell.xib; sourceTree = "<group>"; };
		AF3C2FF11DD3570600353638 /* VoteDateHeaderView.xib */ = {isa = PBXFileReference; fileEncoding = 4; lastKnownFileType = file.xib; path = VoteDateHeaderView.xib; sourceTree = "<group>"; };
		AF3C2FF31DD35C5500353638 /* Date+Extensions.swift */ = {isa = PBXFileReference; fileEncoding = 4; lastKnownFileType = sourcecode.swift; path = "Date+Extensions.swift"; sourceTree = "<group>"; };
		AF3DBCE81DD0C34B006B146F /* Array+Extensions.swift */ = {isa = PBXFileReference; fileEncoding = 4; lastKnownFileType = sourcecode.swift; path = "Array+Extensions.swift"; sourceTree = "<group>"; };
		AF3DBCEB1DD21C29006B146F /* VoteDateHeaderView.swift */ = {isa = PBXFileReference; fileEncoding = 4; lastKnownFileType = sourcecode.swift; path = VoteDateHeaderView.swift; sourceTree = "<group>"; };
		AF5793171D6D440400D86B73 /* Bill.swift */ = {isa = PBXFileReference; fileEncoding = 4; lastKnownFileType = sourcecode.swift; path = Bill.swift; sourceTree = "<group>"; };
		AF5793191D6D4C0000D86B73 /* NSDateFormatter+Extensions.swift */ = {isa = PBXFileReference; fileEncoding = 4; lastKnownFileType = sourcecode.swift; path = "NSDateFormatter+Extensions.swift"; sourceTree = "<group>"; };
		AF6C29101DB9B94E004AA104 /* TallyViewController.swift */ = {isa = PBXFileReference; fileEncoding = 4; lastKnownFileType = sourcecode.swift; path = TallyViewController.swift; sourceTree = "<group>"; };
		AF89745B1D4D80E500C19020 /* Kratos.app */ = {isa = PBXFileReference; explicitFileType = wrapper.application; includeInIndex = 0; path = Kratos.app; sourceTree = BUILT_PRODUCTS_DIR; };
		AF89745E1D4D80E500C19020 /* AppDelegate.swift */ = {isa = PBXFileReference; lastKnownFileType = sourcecode.swift; path = AppDelegate.swift; sourceTree = "<group>"; };
		AF8974601D4D80E500C19020 /* MainApplicationViewController.swift */ = {isa = PBXFileReference; lastKnownFileType = sourcecode.swift; name = MainApplicationViewController.swift; path = ../MainApplicationViewController.swift; sourceTree = "<group>"; };
		AF8974631D4D80E500C19020 /* Base */ = {isa = PBXFileReference; lastKnownFileType = file.storyboard; name = Base; path = Base.lproj/Main.storyboard; sourceTree = "<group>"; };
		AF8974651D4D80E500C19020 /* Assets.xcassets */ = {isa = PBXFileReference; lastKnownFileType = folder.assetcatalog; path = Assets.xcassets; sourceTree = "<group>"; };
		AF8974681D4D80E500C19020 /* Base */ = {isa = PBXFileReference; lastKnownFileType = file.storyboard; name = Base; path = Base.lproj/LaunchScreen.storyboard; sourceTree = "<group>"; };
		AF89746A1D4D80E500C19020 /* Info.plist */ = {isa = PBXFileReference; lastKnownFileType = text.plist.xml; path = Info.plist; sourceTree = "<group>"; };
		AF89746F1D4D80E500C19020 /* KratosTests.xctest */ = {isa = PBXFileReference; explicitFileType = wrapper.cfbundle; includeInIndex = 0; path = KratosTests.xctest; sourceTree = BUILT_PRODUCTS_DIR; };
		AF8974731D4D80E500C19020 /* KratosTests.swift */ = {isa = PBXFileReference; lastKnownFileType = sourcecode.swift; path = KratosTests.swift; sourceTree = "<group>"; };
		AF8974751D4D80E500C19020 /* Info.plist */ = {isa = PBXFileReference; lastKnownFileType = text.plist.xml; path = Info.plist; sourceTree = "<group>"; };
		AF89747A1D4D80E500C19020 /* KratosUITests.xctest */ = {isa = PBXFileReference; explicitFileType = wrapper.cfbundle; includeInIndex = 0; path = KratosUITests.xctest; sourceTree = BUILT_PRODUCTS_DIR; };
		AF89747E1D4D80E500C19020 /* KratosUITests.swift */ = {isa = PBXFileReference; lastKnownFileType = sourcecode.swift; path = KratosUITests.swift; sourceTree = "<group>"; };
		AF8974801D4D80E500C19020 /* Info.plist */ = {isa = PBXFileReference; lastKnownFileType = text.plist.xml; path = Info.plist; sourceTree = "<group>"; };
		AF8974931D4D887100C19020 /* SubmitAddressViewController.swift */ = {isa = PBXFileReference; fileEncoding = 4; lastKnownFileType = sourcecode.swift; path = SubmitAddressViewController.swift; sourceTree = "<group>"; };
		AF8974951D4D88C500C19020 /* MainViewController.swift */ = {isa = PBXFileReference; fileEncoding = 4; lastKnownFileType = sourcecode.swift; path = MainViewController.swift; sourceTree = "<group>"; };
		AF8974991D4D88F600C19020 /* BillViewController.swift */ = {isa = PBXFileReference; fileEncoding = 4; lastKnownFileType = sourcecode.swift; path = BillViewController.swift; sourceTree = "<group>"; };
		AF89749B1D4D8ADC00C19020 /* Vote.swift */ = {isa = PBXFileReference; fileEncoding = 4; lastKnownFileType = sourcecode.swift; path = Vote.swift; sourceTree = "<group>"; };
		AF89749D1D4D8B2700C19020 /* Representative.swift */ = {isa = PBXFileReference; fileEncoding = 4; lastKnownFileType = sourcecode.swift; path = Representative.swift; sourceTree = "<group>"; };
		AF8974A71D4E784E00C19020 /* VoteTableViewCell.swift */ = {isa = PBXFileReference; fileEncoding = 4; lastKnownFileType = sourcecode.swift; path = VoteTableViewCell.swift; sourceTree = "<group>"; };
		AF8974A91D4E786E00C19020 /* VoteTableViewCell.xib */ = {isa = PBXFileReference; fileEncoding = 4; lastKnownFileType = file.xib; path = VoteTableViewCell.xib; sourceTree = "<group>"; };
		AF8974AC1D4E969000C19020 /* APIService.swift */ = {isa = PBXFileReference; fileEncoding = 4; lastKnownFileType = sourcecode.swift; path = APIService.swift; sourceTree = "<group>"; };
		AF8974AE1D4E98C700C19020 /* User.swift */ = {isa = PBXFileReference; fileEncoding = 4; lastKnownFileType = sourcecode.swift; path = User.swift; sourceTree = "<group>"; };
		AF8974B11D4E999C00C19020 /* InputValidation.swift */ = {isa = PBXFileReference; fileEncoding = 4; lastKnownFileType = sourcecode.swift; path = InputValidation.swift; sourceTree = "<group>"; };
		AF8974B31D4EB71800C19020 /* UIViewController+Extensions.swift */ = {isa = PBXFileReference; fileEncoding = 4; lastKnownFileType = sourcecode.swift; path = "UIViewController+Extensions.swift"; sourceTree = "<group>"; };
		AF8974B51D4EF39900C19020 /* String+Extensions.swift */ = {isa = PBXFileReference; fileEncoding = 4; lastKnownFileType = sourcecode.swift; path = "String+Extensions.swift"; sourceTree = "<group>"; };
		AF8974B71D4F058E00C19020 /* UIColor+Extension.swift */ = {isa = PBXFileReference; fileEncoding = 4; lastKnownFileType = sourcecode.swift; path = "UIColor+Extension.swift"; sourceTree = "<group>"; };
		AF8974B91D5036DA00C19020 /* NSCharacterSet+Extensions.swift */ = {isa = PBXFileReference; fileEncoding = 4; lastKnownFileType = sourcecode.swift; path = "NSCharacterSet+Extensions.swift"; sourceTree = "<group>"; };
		AF9F04901DC2480500A8BB74 /* SingleCommitteeTableViewCell.swift */ = {isa = PBXFileReference; fileEncoding = 4; lastKnownFileType = sourcecode.swift; name = SingleCommitteeTableViewCell.swift; path = TableViewCells/SingleCommitteeTableViewCell.swift; sourceTree = "<group>"; };
		AF9F04911DC2480500A8BB74 /* SingleCommitteeTableViewCell.xib */ = {isa = PBXFileReference; fileEncoding = 4; lastKnownFileType = file.xib; name = SingleCommitteeTableViewCell.xib; path = TableViewCells/SingleCommitteeTableViewCell.xib; sourceTree = "<group>"; };
		AF9F04941DC27DC000A8BB74 /* CoSponsorsTableViewCell.swift */ = {isa = PBXFileReference; fileEncoding = 4; lastKnownFileType = sourcecode.swift; name = CoSponsorsTableViewCell.swift; path = TableViewCells/CoSponsorsTableViewCell.swift; sourceTree = "<group>"; };
		AF9F04951DC27DC000A8BB74 /* CoSponsorsTableViewCell.xib */ = {isa = PBXFileReference; fileEncoding = 4; lastKnownFileType = file.xib; name = CoSponsorsTableViewCell.xib; path = TableViewCells/CoSponsorsTableViewCell.xib; sourceTree = "<group>"; };
		AFAC56E91DDB3E5A007C1629 /* MenuViewController.swift */ = {isa = PBXFileReference; fileEncoding = 4; lastKnownFileType = sourcecode.swift; path = MenuViewController.swift; sourceTree = "<group>"; };
		AFB5CCA11DE0B595006E51A2 /* VoteHeaderView.swift */ = {isa = PBXFileReference; fileEncoding = 4; lastKnownFileType = sourcecode.swift; path = VoteHeaderView.swift; sourceTree = "<group>"; };
		AFB5CCA31DE0B5BB006E51A2 /* VoteHeaderView.xib */ = {isa = PBXFileReference; fileEncoding = 4; lastKnownFileType = file.xib; path = VoteHeaderView.xib; sourceTree = "<group>"; };
		AFB5CCA71DE0B6DD006E51A2 /* RepVoteTableViewCell.swift */ = {isa = PBXFileReference; fileEncoding = 4; lastKnownFileType = sourcecode.swift; name = RepVoteTableViewCell.swift; path = ../RepVoteTableViewCell.swift; sourceTree = "<group>"; };
		AFB5CCAD1DE0B716006E51A2 /* VoteDetailsView.xib */ = {isa = PBXFileReference; fileEncoding = 4; lastKnownFileType = file.xib; path = VoteDetailsView.xib; sourceTree = "<group>"; };
		AFB5CCAF1DE0B725006E51A2 /* VoteDetailsView.swift */ = {isa = PBXFileReference; fileEncoding = 4; lastKnownFileType = sourcecode.swift; path = VoteDetailsView.swift; sourceTree = "<group>"; };
		AFB5CCB11DE0B7F5006E51A2 /* BillHeaderView.swift */ = {isa = PBXFileReference; fileEncoding = 4; lastKnownFileType = sourcecode.swift; path = BillHeaderView.swift; sourceTree = "<group>"; };
		AFB5CCB31DE0B7FE006E51A2 /* BillHeaderView.xib */ = {isa = PBXFileReference; fileEncoding = 4; lastKnownFileType = file.xib; path = BillHeaderView.xib; sourceTree = "<group>"; };
		AFB5CCB51DE0B812006E51A2 /* BillCommitteesView.xib */ = {isa = PBXFileReference; fileEncoding = 4; lastKnownFileType = file.xib; path = BillCommitteesView.xib; sourceTree = "<group>"; };
		AFB5CCB71DE0B821006E51A2 /* BillCommitteesView.swift */ = {isa = PBXFileReference; fileEncoding = 4; lastKnownFileType = sourcecode.swift; path = BillCommitteesView.swift; sourceTree = "<group>"; };
		AFB5CCB91DE0B834006E51A2 /* BillSponsorsView.swift */ = {isa = PBXFileReference; fileEncoding = 4; lastKnownFileType = sourcecode.swift; path = BillSponsorsView.swift; sourceTree = "<group>"; };
		AFB5CCBB1DE0B83F006E51A2 /* BillSponsorsView.xib */ = {isa = PBXFileReference; fileEncoding = 4; lastKnownFileType = file.xib; path = BillSponsorsView.xib; sourceTree = "<group>"; };
		AFD5AA9A1D9C618800A5714C /* URLRequest+Extension.swift */ = {isa = PBXFileReference; fileEncoding = 4; lastKnownFileType = sourcecode.swift; path = "URLRequest+Extension.swift"; sourceTree = "<group>"; };
		AFD5AA9F1DAFC2DB00A5714C /* Kratos.entitlements */ = {isa = PBXFileReference; lastKnownFileType = text.plist.entitlements; path = Kratos.entitlements; sourceTree = "<group>"; };
		AFD82F911D88FBFA00AEB559 /* LoginViewController.swift */ = {isa = PBXFileReference; fileEncoding = 4; lastKnownFileType = sourcecode.swift; path = LoginViewController.swift; sourceTree = "<group>"; };
		AFE47F4A1DF344D500008CCB /* APIManager.swift */ = {isa = PBXFileReference; fileEncoding = 4; lastKnownFileType = sourcecode.swift; path = APIManager.swift; sourceTree = "<group>"; };
		AFE47F4C1DF34F1C00008CCB /* DatePickerView.swift */ = {isa = PBXFileReference; fileEncoding = 4; lastKnownFileType = sourcecode.swift; path = DatePickerView.swift; sourceTree = "<group>"; };
		AFE47F4E1DF34F2900008CCB /* DatePickerView.xib */ = {isa = PBXFileReference; fileEncoding = 4; lastKnownFileType = file.xib; path = DatePickerView.xib; sourceTree = "<group>"; };
		AFE47F501DF4DC9100008CCB /* LoadMoreSpinnerView.swift */ = {isa = PBXFileReference; fileEncoding = 4; lastKnownFileType = sourcecode.swift; path = LoadMoreSpinnerView.swift; sourceTree = "<group>"; };
		AFE47F521DF4E9D900008CCB /* UserVoteView.swift */ = {isa = PBXFileReference; fileEncoding = 4; lastKnownFileType = sourcecode.swift; path = UserVoteView.swift; sourceTree = "<group>"; };
		AFE47F541DF4E9E700008CCB /* UserVoteView.xib */ = {isa = PBXFileReference; fileEncoding = 4; lastKnownFileType = file.xib; path = UserVoteView.xib; sourceTree = "<group>"; };
		AFF7480F1DC97FF500F519AE /* RepContactView.swift */ = {isa = PBXFileReference; fileEncoding = 4; lastKnownFileType = sourcecode.swift; path = RepContactView.swift; sourceTree = "<group>"; };
		AFF748111DC9800100F519AE /* RepContactView.xib */ = {isa = PBXFileReference; fileEncoding = 4; lastKnownFileType = file.xib; path = RepContactView.xib; sourceTree = "<group>"; };
		AFF748161DCFF2F100F519AE /* PieChartView.swift */ = {isa = PBXFileReference; fileEncoding = 4; lastKnownFileType = sourcecode.swift; path = PieChartView.swift; sourceTree = "<group>"; };
		AFF748181DCFF37700F519AE /* UIView+Extension.swift */ = {isa = PBXFileReference; fileEncoding = 4; lastKnownFileType = sourcecode.swift; path = "UIView+Extension.swift"; sourceTree = "<group>"; };
		AFF7481A1DD0081D00F519AE /* PieChartData.swift */ = {isa = PBXFileReference; fileEncoding = 4; lastKnownFileType = sourcecode.swift; path = PieChartData.swift; sourceTree = "<group>"; };
		AFF7481C1DD0203B00F519AE /* PieChartView.xib */ = {isa = PBXFileReference; fileEncoding = 4; lastKnownFileType = file.xib; path = PieChartView.xib; sourceTree = "<group>"; };
		CC1513D8F9B156933DC665E0 /* Pods-Kratos.release.xcconfig */ = {isa = PBXFileReference; includeInIndex = 1; lastKnownFileType = text.xcconfig; name = "Pods-Kratos.release.xcconfig"; path = "Pods/Target Support Files/Pods-Kratos/Pods-Kratos.release.xcconfig"; sourceTree = "<group>"; };
		D3612F895CFC028A6B2F2353 /* Pods-KratosUITests.release.xcconfig */ = {isa = PBXFileReference; includeInIndex = 1; lastKnownFileType = text.xcconfig; name = "Pods-KratosUITests.release.xcconfig"; path = "Pods/Target Support Files/Pods-KratosUITests/Pods-KratosUITests.release.xcconfig"; sourceTree = "<group>"; };
		F565D52ED48E5392122D4225 /* Pods-KratosTests.debug.xcconfig */ = {isa = PBXFileReference; includeInIndex = 1; lastKnownFileType = text.xcconfig; name = "Pods-KratosTests.debug.xcconfig"; path = "Pods/Target Support Files/Pods-KratosTests/Pods-KratosTests.debug.xcconfig"; sourceTree = "<group>"; };
/* End PBXFileReference section */

/* Begin PBXFrameworksBuildPhase section */
		AF1AC54A1DF5A6A100DCBA13 /* Frameworks */ = {
			isa = PBXFrameworksBuildPhase;
			buildActionMask = 2147483647;
			files = (
				AF1AC5511DF5A6A100DCBA13 /* UserNotificationsUI.framework in Frameworks */,
				AF1AC54F1DF5A6A100DCBA13 /* UserNotifications.framework in Frameworks */,
			);
			runOnlyForDeploymentPostprocessing = 0;
		};
		AF8974581D4D80E500C19020 /* Frameworks */ = {
			isa = PBXFrameworksBuildPhase;
			buildActionMask = 2147483647;
			files = (
				A0DD548B75376A90182B6EFF /* Pods_Kratos.framework in Frameworks */,
			);
			runOnlyForDeploymentPostprocessing = 0;
		};
		AF89746C1D4D80E500C19020 /* Frameworks */ = {
			isa = PBXFrameworksBuildPhase;
			buildActionMask = 2147483647;
			files = (
				71FC9AF49B0EB5820A301DE4 /* Pods_KratosTests.framework in Frameworks */,
			);
			runOnlyForDeploymentPostprocessing = 0;
		};
		AF8974771D4D80E500C19020 /* Frameworks */ = {
			isa = PBXFrameworksBuildPhase;
			buildActionMask = 2147483647;
			files = (
				E0BAAA2EC661D1AE55726E1A /* Pods_KratosUITests.framework in Frameworks */,
			);
			runOnlyForDeploymentPostprocessing = 0;
		};
/* End PBXFrameworksBuildPhase section */

/* Begin PBXGroup section */
		9BDD09C5B80C45181E127B0C /* Pods */ = {
			isa = PBXGroup;
			children = (
				9E2C0D1F0BFAA77B0FD2EA1F /* Pods-Kratos.debug.xcconfig */,
				CC1513D8F9B156933DC665E0 /* Pods-Kratos.release.xcconfig */,
				F565D52ED48E5392122D4225 /* Pods-KratosTests.debug.xcconfig */,
				4BFF11366D212637D2B6765E /* Pods-KratosTests.release.xcconfig */,
				76680437267A207995EC63FD /* Pods-KratosUITests.debug.xcconfig */,
				D3612F895CFC028A6B2F2353 /* Pods-KratosUITests.release.xcconfig */,
			);
			name = Pods;
			sourceTree = "<group>";
		};
		AF1AC5521DF5A6A100DCBA13 /* KratoCustomNotification */ = {
			isa = PBXGroup;
			children = (
				AF1AC5531DF5A6A100DCBA13 /* NotificationViewController.swift */,
				AF1AC5551DF5A6A100DCBA13 /* MainInterface.storyboard */,
				AF1AC5581DF5A6A100DCBA13 /* Info.plist */,
			);
			path = KratoCustomNotification;
			sourceTree = "<group>";
		};
		AF28197A1DF0EFA0001D5C93 /* Misc */ = {
			isa = PBXGroup;
			children = (
				AF28197D1DF0EFF7001D5C93 /* KratosTextField.swift */,
				AF28197F1DF0F006001D5C93 /* KratosTextField.xib */,
				AFE47F4C1DF34F1C00008CCB /* DatePickerView.swift */,
				AFE47F4E1DF34F2900008CCB /* DatePickerView.xib */,
				AFE47F501DF4DC9100008CCB /* LoadMoreSpinnerView.swift */,
				AF2F922F1E14643B0041369E /* ShowMoreView.swift */,
				AF2F92311E1464480041369E /* ShowMoreView.xib */,
				AF2F923A1E147D090041369E /* ButtonView.swift */,
				AF2F92381E147D000041369E /* ButtonView.xib */,
				AF2F923E1E15B40D0041369E /* StackViewView.swift */,
				AF2F92401E15B4390041369E /* StackViewView.xib */,
			);
			name = Misc;
			sourceTree = "<group>";
		};
		AF2F92461E15D9030041369E /* TallyTableViewCells */ = {
			isa = PBXGroup;
			children = (
				AFB5CCA71DE0B6DD006E51A2 /* RepVoteTableViewCell.swift */,
				AF2F92471E15DB470041369E /* RepVoteTableViewCell.xib */,
			);
			name = TallyTableViewCells;
			sourceTree = "<group>";
		};
		AF3912F31DF84CCA00123B5C /* Navigation */ = {
			isa = PBXGroup;
			children = (
				AF3912F41DF84D2A00123B5C /* KratosTabBarController.swift */,
			);
			name = Navigation;
			sourceTree = "<group>";
		};
		AF3913061DFA36F000123B5C /* Managers */ = {
			isa = PBXGroup;
			children = (
				AF3913071DFA36F000123B5C /* KeychainManager.swift */,
			);
			path = Managers;
			sourceTree = "<group>";
		};
		AF39130B1DFA574800123B5C /* YourVoteViews */ = {
			isa = PBXGroup;
			children = (
				AF39130C1DFA577400123B5C /* YourVoteTableViewCell.swift */,
				AF39130D1DFA577400123B5C /* YourVoteTableViewCell.xib */,
			);
			name = YourVoteViews;
			sourceTree = "<group>";
		};
		AF3DBCEA1DD21BFB006B146F /* HeaderViews */ = {
			isa = PBXGroup;
			children = (
				AF3DBCEB1DD21C29006B146F /* VoteDateHeaderView.swift */,
				AF3C2FF11DD3570600353638 /* VoteDateHeaderView.xib */,
			);
			name = HeaderViews;
			sourceTree = "<group>";
		};
		AF8974521D4D80E500C19020 = {
			isa = PBXGroup;
			children = (
				AF89745D1D4D80E500C19020 /* Kratos */,
				AF8974721D4D80E500C19020 /* KratosTests */,
				AF89747D1D4D80E500C19020 /* KratosUITests */,
				AF1AC5521DF5A6A100DCBA13 /* KratoCustomNotification */,
				AF89745C1D4D80E500C19020 /* Products */,
				9BDD09C5B80C45181E127B0C /* Pods */,
				B7ADC5350DE4F250004F089B /* Frameworks */,
			);
			sourceTree = "<group>";
		};
		AF89745C1D4D80E500C19020 /* Products */ = {
			isa = PBXGroup;
			children = (
				AF89745B1D4D80E500C19020 /* Kratos.app */,
				AF89746F1D4D80E500C19020 /* KratosTests.xctest */,
				AF89747A1D4D80E500C19020 /* KratosUITests.xctest */,
				AF1AC54D1DF5A6A100DCBA13 /* KratoCustomNotification.appex */,
			);
			name = Products;
			sourceTree = "<group>";
		};
		AF89745D1D4D80E500C19020 /* Kratos */ = {
			isa = PBXGroup;
			children = (
				AFD5AA9F1DAFC2DB00A5714C /* Kratos.entitlements */,
				AF89745E1D4D80E500C19020 /* AppDelegate.swift */,
				AF28439A1D5AD686007B3F18 /* Datastore.swift */,
				AF8974621D4D80E500C19020 /* Main.storyboard */,
				AF3913061DFA36F000123B5C /* Managers */,
				AF3912F31DF84CCA00123B5C /* Navigation */,
				AF8974AB1D4E965600C19020 /* APIClient */,
				AF8974B01D4E997D00C19020 /* Utilites */,
				AF89748E1D4D862B00C19020 /* Extensions */,
				AF89748F1D4D862B00C19020 /* Models */,
				AF8974901D4D862B00C19020 /* ViewControllers */,
				AF8974911D4D862B00C19020 /* Views */,
				AF8974651D4D80E500C19020 /* Assets.xcassets */,
				AF8974671D4D80E500C19020 /* LaunchScreen.storyboard */,
				AF89746A1D4D80E500C19020 /* Info.plist */,
			);
			path = Kratos;
			sourceTree = "<group>";
		};
		AF8974721D4D80E500C19020 /* KratosTests */ = {
			isa = PBXGroup;
			children = (
				AF8974731D4D80E500C19020 /* KratosTests.swift */,
				AF8974751D4D80E500C19020 /* Info.plist */,
			);
			path = KratosTests;
			sourceTree = "<group>";
		};
		AF89747D1D4D80E500C19020 /* KratosUITests */ = {
			isa = PBXGroup;
			children = (
				AF89747E1D4D80E500C19020 /* KratosUITests.swift */,
				AF8974801D4D80E500C19020 /* Info.plist */,
			);
			path = KratosUITests;
			sourceTree = "<group>";
		};
		AF89748E1D4D862B00C19020 /* Extensions */ = {
			isa = PBXGroup;
			children = (
				AF8974B31D4EB71800C19020 /* UIViewController+Extensions.swift */,
				AF8974B51D4EF39900C19020 /* String+Extensions.swift */,
				AF8974B71D4F058E00C19020 /* UIColor+Extension.swift */,
				AF8974B91D5036DA00C19020 /* NSCharacterSet+Extensions.swift */,
				AF2D3D051D5D85EF006B75D1 /* UIImage+Extension.swift */,
				AF5793191D6D4C0000D86B73 /* NSDateFormatter+Extensions.swift */,
				AFD5AA9A1D9C618800A5714C /* URLRequest+Extension.swift */,
				AFF748181DCFF37700F519AE /* UIView+Extension.swift */,
				AF3DBCE81DD0C34B006B146F /* Array+Extensions.swift */,
				AF3C2FF31DD35C5500353638 /* Date+Extensions.swift */,
			);
			path = Extensions;
			sourceTree = "<group>";
		};
		AF89748F1D4D862B00C19020 /* Models */ = {
			isa = PBXGroup;
			children = (
				AF8974AE1D4E98C700C19020 /* User.swift */,
				AF0EED471E0A0E8300E7A19C /* Tally.swift */,
				AF89749B1D4D8ADC00C19020 /* Vote.swift */,
				AF0EED491E0A192400E7A19C /* UserVote.swift */,
				AF89749D1D4D8B2700C19020 /* Representative.swift */,
				AF5793171D6D440400D86B73 /* Bill.swift */,
				AF0EED4B1E0A245200E7A19C /* Person.swift */,
				AF0EED4D1E0A246300E7A19C /* Role.swift */,
			);
			path = Models;
			sourceTree = "<group>";
		};
		AF8974901D4D862B00C19020 /* ViewControllers */ = {
			isa = PBXGroup;
			children = (
				AF8974601D4D80E500C19020 /* MainApplicationViewController.swift */,
				AFD82F911D88FBFA00AEB559 /* LoginViewController.swift */,
				AF8974931D4D887100C19020 /* SubmitAddressViewController.swift */,
				AF8974951D4D88C500C19020 /* MainViewController.swift */,
				AF6C29101DB9B94E004AA104 /* TallyViewController.swift */,
				AF8974991D4D88F600C19020 /* BillViewController.swift */,
				AFAC56E91DDB3E5A007C1629 /* MenuViewController.swift */,
				AF3913091DFA56E500123B5C /* YourVotesViewController.swift */,
			);
			path = ViewControllers;
			sourceTree = "<group>";
		};
		AF8974911D4D862B00C19020 /* Views */ = {
			isa = PBXGroup;
			children = (
				AF28197A1DF0EFA0001D5C93 /* Misc */,
				AFB5CCA01DE0B512006E51A2 /* MainViews */,
				AF3DBCEA1DD21BFB006B146F /* HeaderViews */,
				AFF748131DCFF27300F519AE /* PieChart */,
				AFB5CC9F1DE0B4F3006E51A2 /* BillViews */,
				AFB5CC9E1DE0B4E4006E51A2 /* VoteViews */,
				AF39130B1DFA574800123B5C /* YourVoteViews */,
				AF8974921D4D862B00C19020 /* TableViewCells */,
			);
			path = Views;
			sourceTree = "<group>";
		};
		AF8974921D4D862B00C19020 /* TableViewCells */ = {
			isa = PBXGroup;
			children = (
				AF2F92461E15D9030041369E /* TallyTableViewCells */,
				AFF7480E1DC97F9500F519AE /* BillTableViewCells */,
				AFB5CCBD1DE55C5E006E51A2 /* MainViewTableViewCells */,
			);
			path = TableViewCells;
			sourceTree = "<group>";
		};
		AF8974AB1D4E965600C19020 /* APIClient */ = {
			isa = PBXGroup;
			children = (
				AF8974AC1D4E969000C19020 /* APIService.swift */,
				AFE47F4A1DF344D500008CCB /* APIManager.swift */,
				AF0EED451E0A078700E7A19C /* ErrorTypes.swift */,
			);
			path = APIClient;
			sourceTree = "<group>";
		};
		AF8974B01D4E997D00C19020 /* Utilites */ = {
			isa = PBXGroup;
			children = (
				AF8974B11D4E999C00C19020 /* InputValidation.swift */,
				AF2843981D5AD4D3007B3F18 /* Contstants.swift */,
				AF28439C1D5ADAD9007B3F18 /* Pager.swift */,
			);
			path = Utilites;
			sourceTree = "<group>";
		};
		AFB5CC9E1DE0B4E4006E51A2 /* VoteViews */ = {
			isa = PBXGroup;
			children = (
				AFB5CCA11DE0B595006E51A2 /* VoteHeaderView.swift */,
				AFB5CCA31DE0B5BB006E51A2 /* VoteHeaderView.xib */,
				AF2F92441E15CFD20041369E /* RepVotesView.swift */,
				AF2F92421E15CFC30041369E /* RepVotesView.xib */,
				AFB5CCAF1DE0B725006E51A2 /* VoteDetailsView.swift */,
				AFB5CCAD1DE0B716006E51A2 /* VoteDetailsView.xib */,
				AFE47F521DF4E9D900008CCB /* UserVoteView.swift */,
				AFE47F541DF4E9E700008CCB /* UserVoteView.xib */,
			);
			name = VoteViews;
			sourceTree = "<group>";
		};
		AFB5CC9F1DE0B4F3006E51A2 /* BillViews */ = {
			isa = PBXGroup;
			children = (
				AFB5CCB11DE0B7F5006E51A2 /* BillHeaderView.swift */,
				AFB5CCB31DE0B7FE006E51A2 /* BillHeaderView.xib */,
				AFB5CCB71DE0B821006E51A2 /* BillCommitteesView.swift */,
				AFB5CCB51DE0B812006E51A2 /* BillCommitteesView.xib */,
				AFB5CCB91DE0B834006E51A2 /* BillSponsorsView.swift */,
				AFB5CCBB1DE0B83F006E51A2 /* BillSponsorsView.xib */,
			);
			name = BillViews;
			sourceTree = "<group>";
		};
		AFB5CCA01DE0B512006E51A2 /* MainViews */ = {
			isa = PBXGroup;
			children = (
				AF2B8C6B1D62D21300C31FA9 /* RepresentativeView.swift */,
				AF2B8C6D1D62D22600C31FA9 /* RepresentativeView.xib */,
				AFF7480F1DC97FF500F519AE /* RepContactView.swift */,
				AFF748111DC9800100F519AE /* RepContactView.xib */,
			);
			name = MainViews;
			sourceTree = "<group>";
		};
		AFB5CCBD1DE55C5E006E51A2 /* MainViewTableViewCells */ = {
			isa = PBXGroup;
			children = (
				AF8974A71D4E784E00C19020 /* VoteTableViewCell.swift */,
				AF8974A91D4E786E00C19020 /* VoteTableViewCell.xib */,
			);
			name = MainViewTableViewCells;
			sourceTree = "<group>";
		};
		AFF7480E1DC97F9500F519AE /* BillTableViewCells */ = {
			isa = PBXGroup;
			children = (
				AF9F04901DC2480500A8BB74 /* SingleCommitteeTableViewCell.swift */,
				AF9F04911DC2480500A8BB74 /* SingleCommitteeTableViewCell.xib */,
				AF9F04941DC27DC000A8BB74 /* CoSponsorsTableViewCell.swift */,
				AF9F04951DC27DC000A8BB74 /* CoSponsorsTableViewCell.xib */,
			);
			name = BillTableViewCells;
			path = ..;
			sourceTree = "<group>";
		};
		AFF748131DCFF27300F519AE /* PieChart */ = {
			isa = PBXGroup;
			children = (
				AFF748161DCFF2F100F519AE /* PieChartView.swift */,
				AFF7481C1DD0203B00F519AE /* PieChartView.xib */,
				AFF7481A1DD0081D00F519AE /* PieChartData.swift */,
			);
			name = PieChart;
			sourceTree = "<group>";
		};
		B7ADC5350DE4F250004F089B /* Frameworks */ = {
			isa = PBXGroup;
			children = (
				86EC5E845D25026904F837F7 /* Pods_Kratos.framework */,
				6BE4ABF9591E077E906036EA /* Pods_KratosTests.framework */,
				0B3106BBC49F4921A587E0B9 /* Pods_KratosUITests.framework */,
				AF1AC54E1DF5A6A100DCBA13 /* UserNotifications.framework */,
				AF1AC5501DF5A6A100DCBA13 /* UserNotificationsUI.framework */,
			);
			name = Frameworks;
			sourceTree = "<group>";
		};
/* End PBXGroup section */

/* Begin PBXNativeTarget section */
		AF1AC54C1DF5A6A100DCBA13 /* KratoCustomNotification */ = {
			isa = PBXNativeTarget;
			buildConfigurationList = AF1AC55E1DF5A6A100DCBA13 /* Build configuration list for PBXNativeTarget "KratoCustomNotification" */;
			buildPhases = (
				AF1AC5491DF5A6A100DCBA13 /* Sources */,
				AF1AC54A1DF5A6A100DCBA13 /* Frameworks */,
				AF1AC54B1DF5A6A100DCBA13 /* Resources */,
			);
			buildRules = (
			);
			dependencies = (
			);
			name = KratoCustomNotification;
			productName = KratoCustomNotification;
			productReference = AF1AC54D1DF5A6A100DCBA13 /* KratoCustomNotification.appex */;
			productType = "com.apple.product-type.app-extension";
		};
		AF89745A1D4D80E500C19020 /* Kratos */ = {
			isa = PBXNativeTarget;
			buildConfigurationList = AF8974831D4D80E500C19020 /* Build configuration list for PBXNativeTarget "Kratos" */;
			buildPhases = (
				8C9F6FCE6472038FF337D5B0 /* [CP] Check Pods Manifest.lock */,
				AF8974571D4D80E500C19020 /* Sources */,
				AF8974581D4D80E500C19020 /* Frameworks */,
				AF8974591D4D80E500C19020 /* Resources */,
				D349B98149137EB81C7BD1E8 /* [CP] Embed Pods Frameworks */,
				C5AB08A7A7C5752E17B8258B /* [CP] Copy Pods Resources */,
				AF1AC55F1DF5A6A100DCBA13 /* Embed App Extensions */,
				AF1AC5631DF6854E00DCBA13 /* ShellScript */,
			);
			buildRules = (
			);
			dependencies = (
				AF1AC55A1DF5A6A100DCBA13 /* PBXTargetDependency */,
			);
			name = Kratos;
			productName = Kratos;
			productReference = AF89745B1D4D80E500C19020 /* Kratos.app */;
			productType = "com.apple.product-type.application";
		};
		AF89746E1D4D80E500C19020 /* KratosTests */ = {
			isa = PBXNativeTarget;
			buildConfigurationList = AF8974861D4D80E500C19020 /* Build configuration list for PBXNativeTarget "KratosTests" */;
			buildPhases = (
				7121E2C1255755E0C3C95423 /* [CP] Check Pods Manifest.lock */,
				AF89746B1D4D80E500C19020 /* Sources */,
				AF89746C1D4D80E500C19020 /* Frameworks */,
				AF89746D1D4D80E500C19020 /* Resources */,
				22CFD80268793A624624E452 /* [CP] Embed Pods Frameworks */,
				629AE4BF8DB9C890E6817B13 /* [CP] Copy Pods Resources */,
			);
			buildRules = (
			);
			dependencies = (
				AF8974711D4D80E500C19020 /* PBXTargetDependency */,
			);
			name = KratosTests;
			productName = KratosTests;
			productReference = AF89746F1D4D80E500C19020 /* KratosTests.xctest */;
			productType = "com.apple.product-type.bundle.unit-test";
		};
		AF8974791D4D80E500C19020 /* KratosUITests */ = {
			isa = PBXNativeTarget;
			buildConfigurationList = AF8974891D4D80E500C19020 /* Build configuration list for PBXNativeTarget "KratosUITests" */;
			buildPhases = (
				E14933D5F7A024F3767DD1E7 /* [CP] Check Pods Manifest.lock */,
				AF8974761D4D80E500C19020 /* Sources */,
				AF8974771D4D80E500C19020 /* Frameworks */,
				AF8974781D4D80E500C19020 /* Resources */,
				1A316714F7B6F2E50994ED14 /* [CP] Copy Pods Resources */,
				45FF3A74700A29EBC9740049 /* [CP] Embed Pods Frameworks */,
			);
			buildRules = (
			);
			dependencies = (
				AF89747C1D4D80E500C19020 /* PBXTargetDependency */,
			);
			name = KratosUITests;
			productName = KratosUITests;
			productReference = AF89747A1D4D80E500C19020 /* KratosUITests.xctest */;
			productType = "com.apple.product-type.bundle.ui-testing";
		};
/* End PBXNativeTarget section */

/* Begin PBXProject section */
		AF8974531D4D80E500C19020 /* Project object */ = {
			isa = PBXProject;
			attributes = {
				LastSwiftUpdateCheck = 0810;
				LastUpgradeCheck = 0800;
				ORGANIZATIONNAME = "Dylan Straughan";
				TargetAttributes = {
					AF1AC54C1DF5A6A100DCBA13 = {
						CreatedOnToolsVersion = 8.1;
						DevelopmentTeam = R2XL2EPM9B;
						ProvisioningStyle = Automatic;
					};
					AF89745A1D4D80E500C19020 = {
						CreatedOnToolsVersion = 7.3.1;
						DevelopmentTeam = R2XL2EPM9B;
						LastSwiftMigration = 0800;
						ProvisioningStyle = Manual;
						SystemCapabilities = {
							com.apple.Keychain = {
								enabled = 1;
							};
							com.apple.Push = {
								enabled = 1;
							};
						};
					};
					AF89746E1D4D80E500C19020 = {
						CreatedOnToolsVersion = 7.3.1;
						LastSwiftMigration = 0800;
						TestTargetID = AF89745A1D4D80E500C19020;
					};
					AF8974791D4D80E500C19020 = {
						CreatedOnToolsVersion = 7.3.1;
						LastSwiftMigration = 0800;
						TestTargetID = AF89745A1D4D80E500C19020;
					};
				};
			};
			buildConfigurationList = AF8974561D4D80E500C19020 /* Build configuration list for PBXProject "Kratos" */;
			compatibilityVersion = "Xcode 3.2";
			developmentRegion = English;
			hasScannedForEncodings = 0;
			knownRegions = (
				en,
				Base,
			);
			mainGroup = AF8974521D4D80E500C19020;
			productRefGroup = AF89745C1D4D80E500C19020 /* Products */;
			projectDirPath = "";
			projectRoot = "";
			targets = (
				AF89745A1D4D80E500C19020 /* Kratos */,
				AF89746E1D4D80E500C19020 /* KratosTests */,
				AF8974791D4D80E500C19020 /* KratosUITests */,
				AF1AC54C1DF5A6A100DCBA13 /* KratoCustomNotification */,
			);
		};
/* End PBXProject section */

/* Begin PBXResourcesBuildPhase section */
		AF1AC54B1DF5A6A100DCBA13 /* Resources */ = {
			isa = PBXResourcesBuildPhase;
			buildActionMask = 2147483647;
			files = (
				AF1AC5571DF5A6A100DCBA13 /* MainInterface.storyboard in Resources */,
			);
			runOnlyForDeploymentPostprocessing = 0;
		};
		AF8974591D4D80E500C19020 /* Resources */ = {
			isa = PBXResourcesBuildPhase;
			buildActionMask = 2147483647;
			files = (
				AFB5CCB41DE0B7FE006E51A2 /* BillHeaderView.xib in Resources */,
				AF9F04971DC27DC000A8BB74 /* CoSponsorsTableViewCell.xib in Resources */,
				AF8974691D4D80E500C19020 /* LaunchScreen.storyboard in Resources */,
				AF39130F1DFA577400123B5C /* YourVoteTableViewCell.xib in Resources */,
				AF2F92431E15CFC30041369E /* RepVotesView.xib in Resources */,
				AFB5CCA41DE0B5BB006E51A2 /* VoteHeaderView.xib in Resources */,
				AF2819801DF0F006001D5C93 /* KratosTextField.xib in Resources */,
				AFF748121DC9800100F519AE /* RepContactView.xib in Resources */,
				AF2F92411E15B4390041369E /* StackViewView.xib in Resources */,
				AF2F92481E15DB470041369E /* RepVoteTableViewCell.xib in Resources */,
				AF8974661D4D80E500C19020 /* Assets.xcassets in Resources */,
				AF2F92391E147D000041369E /* ButtonView.xib in Resources */,
				AFB5CCBC1DE0B83F006E51A2 /* BillSponsorsView.xib in Resources */,
				AFE47F551DF4E9E700008CCB /* UserVoteView.xib in Resources */,
				AFB5CCB61DE0B812006E51A2 /* BillCommitteesView.xib in Resources */,
				AF2B8C6E1D62D22600C31FA9 /* RepresentativeView.xib in Resources */,
				AFB5CCAE1DE0B716006E51A2 /* VoteDetailsView.xib in Resources */,
				AFF7481D1DD0203B00F519AE /* PieChartView.xib in Resources */,
				AF2F923D1E15AC7E0041369E /* ShowMoreView.xib in Resources */,
				AFE47F4F1DF34F2900008CCB /* DatePickerView.xib in Resources */,
				AF3C2FF21DD3570600353638 /* VoteDateHeaderView.xib in Resources */,
				AF9F04931DC2480500A8BB74 /* SingleCommitteeTableViewCell.xib in Resources */,
				AF8974AA1D4E786E00C19020 /* VoteTableViewCell.xib in Resources */,
				AF8974641D4D80E500C19020 /* Main.storyboard in Resources */,
			);
			runOnlyForDeploymentPostprocessing = 0;
		};
		AF89746D1D4D80E500C19020 /* Resources */ = {
			isa = PBXResourcesBuildPhase;
			buildActionMask = 2147483647;
			files = (
			);
			runOnlyForDeploymentPostprocessing = 0;
		};
		AF8974781D4D80E500C19020 /* Resources */ = {
			isa = PBXResourcesBuildPhase;
			buildActionMask = 2147483647;
			files = (
			);
			runOnlyForDeploymentPostprocessing = 0;
		};
/* End PBXResourcesBuildPhase section */

/* Begin PBXShellScriptBuildPhase section */
		1A316714F7B6F2E50994ED14 /* [CP] Copy Pods Resources */ = {
			isa = PBXShellScriptBuildPhase;
			buildActionMask = 2147483647;
			files = (
			);
			inputPaths = (
			);
			name = "[CP] Copy Pods Resources";
			outputPaths = (
			);
			runOnlyForDeploymentPostprocessing = 0;
			shellPath = /bin/sh;
			shellScript = "\"${SRCROOT}/Pods/Target Support Files/Pods-KratosUITests/Pods-KratosUITests-resources.sh\"\n";
			showEnvVarsInLog = 0;
		};
		22CFD80268793A624624E452 /* [CP] Embed Pods Frameworks */ = {
			isa = PBXShellScriptBuildPhase;
			buildActionMask = 2147483647;
			files = (
			);
			inputPaths = (
			);
			name = "[CP] Embed Pods Frameworks";
			outputPaths = (
			);
			runOnlyForDeploymentPostprocessing = 0;
			shellPath = /bin/sh;
			shellScript = "\"${SRCROOT}/Pods/Target Support Files/Pods-KratosTests/Pods-KratosTests-frameworks.sh\"\n";
			showEnvVarsInLog = 0;
		};
		45FF3A74700A29EBC9740049 /* [CP] Embed Pods Frameworks */ = {
			isa = PBXShellScriptBuildPhase;
			buildActionMask = 2147483647;
			files = (
			);
			inputPaths = (
			);
			name = "[CP] Embed Pods Frameworks";
			outputPaths = (
			);
			runOnlyForDeploymentPostprocessing = 0;
			shellPath = /bin/sh;
			shellScript = "\"${SRCROOT}/Pods/Target Support Files/Pods-KratosUITests/Pods-KratosUITests-frameworks.sh\"\n";
			showEnvVarsInLog = 0;
		};
		629AE4BF8DB9C890E6817B13 /* [CP] Copy Pods Resources */ = {
			isa = PBXShellScriptBuildPhase;
			buildActionMask = 2147483647;
			files = (
			);
			inputPaths = (
			);
			name = "[CP] Copy Pods Resources";
			outputPaths = (
			);
			runOnlyForDeploymentPostprocessing = 0;
			shellPath = /bin/sh;
			shellScript = "\"${SRCROOT}/Pods/Target Support Files/Pods-KratosTests/Pods-KratosTests-resources.sh\"\n";
			showEnvVarsInLog = 0;
		};
		7121E2C1255755E0C3C95423 /* [CP] Check Pods Manifest.lock */ = {
			isa = PBXShellScriptBuildPhase;
			buildActionMask = 2147483647;
			files = (
			);
			inputPaths = (
			);
			name = "[CP] Check Pods Manifest.lock";
			outputPaths = (
			);
			runOnlyForDeploymentPostprocessing = 0;
			shellPath = /bin/sh;
			shellScript = "diff \"${PODS_ROOT}/../Podfile.lock\" \"${PODS_ROOT}/Manifest.lock\" > /dev/null\nif [ $? != 0 ] ; then\n    # print error to STDERR\n    echo \"error: The sandbox is not in sync with the Podfile.lock. Run 'pod install' or update your CocoaPods installation.\" >&2\n    exit 1\nfi\n";
			showEnvVarsInLog = 0;
		};
		8C9F6FCE6472038FF337D5B0 /* [CP] Check Pods Manifest.lock */ = {
			isa = PBXShellScriptBuildPhase;
			buildActionMask = 2147483647;
			files = (
			);
			inputPaths = (
			);
			name = "[CP] Check Pods Manifest.lock";
			outputPaths = (
			);
			runOnlyForDeploymentPostprocessing = 0;
			shellPath = /bin/sh;
			shellScript = "diff \"${PODS_ROOT}/../Podfile.lock\" \"${PODS_ROOT}/Manifest.lock\" > /dev/null\nif [ $? != 0 ] ; then\n    # print error to STDERR\n    echo \"error: The sandbox is not in sync with the Podfile.lock. Run 'pod install' or update your CocoaPods installation.\" >&2\n    exit 1\nfi\n";
			showEnvVarsInLog = 0;
		};
		AF1AC5631DF6854E00DCBA13 /* ShellScript */ = {
			isa = PBXShellScriptBuildPhase;
			buildActionMask = 2147483647;
			files = (
			);
			inputPaths = (
			);
			outputPaths = (
			);
			runOnlyForDeploymentPostprocessing = 0;
			shellPath = /bin/sh;
			shellScript = "\"${PODS_ROOT}/Fabric/run\" f7c4cd377ef7366de23593e051282450480554b6 2702dfc8347b6bc69f0aac54b73cd93e296edb32cc1dc58528f320d28dd289b3";
		};
		C5AB08A7A7C5752E17B8258B /* [CP] Copy Pods Resources */ = {
			isa = PBXShellScriptBuildPhase;
			buildActionMask = 2147483647;
			files = (
			);
			inputPaths = (
			);
			name = "[CP] Copy Pods Resources";
			outputPaths = (
			);
			runOnlyForDeploymentPostprocessing = 0;
			shellPath = /bin/sh;
			shellScript = "\"${SRCROOT}/Pods/Target Support Files/Pods-Kratos/Pods-Kratos-resources.sh\"\n";
			showEnvVarsInLog = 0;
		};
		D349B98149137EB81C7BD1E8 /* [CP] Embed Pods Frameworks */ = {
			isa = PBXShellScriptBuildPhase;
			buildActionMask = 2147483647;
			files = (
			);
			inputPaths = (
			);
			name = "[CP] Embed Pods Frameworks";
			outputPaths = (
			);
			runOnlyForDeploymentPostprocessing = 0;
			shellPath = /bin/sh;
			shellScript = "\"${SRCROOT}/Pods/Target Support Files/Pods-Kratos/Pods-Kratos-frameworks.sh\"\n";
			showEnvVarsInLog = 0;
		};
		E14933D5F7A024F3767DD1E7 /* [CP] Check Pods Manifest.lock */ = {
			isa = PBXShellScriptBuildPhase;
			buildActionMask = 2147483647;
			files = (
			);
			inputPaths = (
			);
			name = "[CP] Check Pods Manifest.lock";
			outputPaths = (
			);
			runOnlyForDeploymentPostprocessing = 0;
			shellPath = /bin/sh;
			shellScript = "diff \"${PODS_ROOT}/../Podfile.lock\" \"${PODS_ROOT}/Manifest.lock\" > /dev/null\nif [ $? != 0 ] ; then\n    # print error to STDERR\n    echo \"error: The sandbox is not in sync with the Podfile.lock. Run 'pod install' or update your CocoaPods installation.\" >&2\n    exit 1\nfi\n";
			showEnvVarsInLog = 0;
		};
/* End PBXShellScriptBuildPhase section */

/* Begin PBXSourcesBuildPhase section */
		AF1AC5491DF5A6A100DCBA13 /* Sources */ = {
			isa = PBXSourcesBuildPhase;
			buildActionMask = 2147483647;
			files = (
				AF1AC5541DF5A6A100DCBA13 /* NotificationViewController.swift in Sources */,
			);
			runOnlyForDeploymentPostprocessing = 0;
		};
		AF8974571D4D80E500C19020 /* Sources */ = {
			isa = PBXSourcesBuildPhase;
			buildActionMask = 2147483647;
			files = (
				AF6C29111DB9B94E004AA104 /* TallyViewController.swift in Sources */,
				AF89749E1D4D8B2700C19020 /* Representative.swift in Sources */,
				AF8974BA1D5036DA00C19020 /* NSCharacterSet+Extensions.swift in Sources */,
				AF9F04921DC2480500A8BB74 /* SingleCommitteeTableViewCell.swift in Sources */,
				AF8974B21D4E999C00C19020 /* InputValidation.swift in Sources */,
				AF8974941D4D887100C19020 /* SubmitAddressViewController.swift in Sources */,
				AFE47F511DF4DC9100008CCB /* LoadMoreSpinnerView.swift in Sources */,
				AFB5CCB21DE0B7F5006E51A2 /* BillHeaderView.swift in Sources */,
				AF8974611D4D80E500C19020 /* MainApplicationViewController.swift in Sources */,
				AFB5CCBA1DE0B834006E51A2 /* BillSponsorsView.swift in Sources */,
				AFAC56EA1DDB3E5A007C1629 /* MenuViewController.swift in Sources */,
				AF8974B81D4F058E00C19020 /* UIColor+Extension.swift in Sources */,
				AFB5CCB81DE0B821006E51A2 /* BillCommitteesView.swift in Sources */,
				AF28439D1D5ADAD9007B3F18 /* Pager.swift in Sources */,
				AF0EED461E0A078700E7A19C /* ErrorTypes.swift in Sources */,
				AF0EED4E1E0A246300E7A19C /* Role.swift in Sources */,
				AF0EED4C1E0A245200E7A19C /* Person.swift in Sources */,
				AFB5CCB01DE0B725006E51A2 /* VoteDetailsView.swift in Sources */,
				AF2F92451E15CFD20041369E /* RepVotesView.swift in Sources */,
				AF3C2FF41DD35C5500353638 /* Date+Extensions.swift in Sources */,
				AF2843991D5AD4D3007B3F18 /* Contstants.swift in Sources */,
				AF8974B61D4EF39900C19020 /* String+Extensions.swift in Sources */,
				AF28197E1DF0EFF7001D5C93 /* KratosTextField.swift in Sources */,
				AF57931A1D6D4C0000D86B73 /* NSDateFormatter+Extensions.swift in Sources */,
				AFF7481B1DD0081D00F519AE /* PieChartData.swift in Sources */,
				AFE47F531DF4E9D900008CCB /* UserVoteView.swift in Sources */,
				AFE47F4B1DF344D500008CCB /* APIManager.swift in Sources */,
				AF2F923F1E15B40D0041369E /* StackViewView.swift in Sources */,
				AF39130A1DFA56E500123B5C /* YourVotesViewController.swift in Sources */,
				AF2D3D061D5D85EF006B75D1 /* UIImage+Extension.swift in Sources */,
				AFF748171DCFF2F100F519AE /* PieChartView.swift in Sources */,
				AF8974AF1D4E98C700C19020 /* User.swift in Sources */,
				AF3DBCE91DD0C34B006B146F /* Array+Extensions.swift in Sources */,
				AF89749C1D4D8ADC00C19020 /* Vote.swift in Sources */,
				AF3913081DFA36F000123B5C /* KeychainManager.swift in Sources */,
				AFE47F4D1DF34F1C00008CCB /* DatePickerView.swift in Sources */,
				AF2F923B1E147D090041369E /* ButtonView.swift in Sources */,
				AF8974B41D4EB71800C19020 /* UIViewController+Extensions.swift in Sources */,
				AF5793181D6D440400D86B73 /* Bill.swift in Sources */,
				AF28439B1D5AD686007B3F18 /* Datastore.swift in Sources */,
				AF0EED4A1E0A192400E7A19C /* UserVote.swift in Sources */,
				AF9F04961DC27DC000A8BB74 /* CoSponsorsTableViewCell.swift in Sources */,
				AF89749A1D4D88F600C19020 /* BillViewController.swift in Sources */,
				AFF748191DCFF37700F519AE /* UIView+Extension.swift in Sources */,
				AF89745F1D4D80E500C19020 /* AppDelegate.swift in Sources */,
				AF2F923C1E15AC7A0041369E /* ShowMoreView.swift in Sources */,
				AF8974961D4D88C500C19020 /* MainViewController.swift in Sources */,
				AF3DBCEC1DD21C29006B146F /* VoteDateHeaderView.swift in Sources */,
				AFD82F921D88FBFA00AEB559 /* LoginViewController.swift in Sources */,
				AFB5CCA21DE0B595006E51A2 /* VoteHeaderView.swift in Sources */,
				AF3912F61DF84D2A00123B5C /* KratosTabBarController.swift in Sources */,
				AF8974A81D4E784E00C19020 /* VoteTableViewCell.swift in Sources */,
				AF2B8C6C1D62D21300C31FA9 /* RepresentativeView.swift in Sources */,
				AFF748101DC97FF500F519AE /* RepContactView.swift in Sources */,
				AF39130E1DFA577400123B5C /* YourVoteTableViewCell.swift in Sources */,
				AF0EED481E0A0E8300E7A19C /* Tally.swift in Sources */,
				AF8974AD1D4E969000C19020 /* APIService.swift in Sources */,
				AFD5AA9B1D9C618800A5714C /* URLRequest+Extension.swift in Sources */,
				AFB5CCA81DE0B6DD006E51A2 /* RepVoteTableViewCell.swift in Sources */,
			);
			runOnlyForDeploymentPostprocessing = 0;
		};
		AF89746B1D4D80E500C19020 /* Sources */ = {
			isa = PBXSourcesBuildPhase;
			buildActionMask = 2147483647;
			files = (
				AFD5AA971D9C3D0C00A5714C /* KratosTests.swift in Sources */,
			);
			runOnlyForDeploymentPostprocessing = 0;
		};
		AF8974761D4D80E500C19020 /* Sources */ = {
			isa = PBXSourcesBuildPhase;
			buildActionMask = 2147483647;
			files = (
				AF89747F1D4D80E500C19020 /* KratosUITests.swift in Sources */,
			);
			runOnlyForDeploymentPostprocessing = 0;
		};
/* End PBXSourcesBuildPhase section */

/* Begin PBXTargetDependency section */
		AF1AC55A1DF5A6A100DCBA13 /* PBXTargetDependency */ = {
			isa = PBXTargetDependency;
			target = AF1AC54C1DF5A6A100DCBA13 /* KratoCustomNotification */;
			targetProxy = AF1AC5591DF5A6A100DCBA13 /* PBXContainerItemProxy */;
		};
		AF8974711D4D80E500C19020 /* PBXTargetDependency */ = {
			isa = PBXTargetDependency;
			target = AF89745A1D4D80E500C19020 /* Kratos */;
			targetProxy = AF8974701D4D80E500C19020 /* PBXContainerItemProxy */;
		};
		AF89747C1D4D80E500C19020 /* PBXTargetDependency */ = {
			isa = PBXTargetDependency;
			target = AF89745A1D4D80E500C19020 /* Kratos */;
			targetProxy = AF89747B1D4D80E500C19020 /* PBXContainerItemProxy */;
		};
/* End PBXTargetDependency section */

/* Begin PBXVariantGroup section */
		AF1AC5551DF5A6A100DCBA13 /* MainInterface.storyboard */ = {
			isa = PBXVariantGroup;
			children = (
				AF1AC5561DF5A6A100DCBA13 /* Base */,
			);
			name = MainInterface.storyboard;
			sourceTree = "<group>";
		};
		AF8974621D4D80E500C19020 /* Main.storyboard */ = {
			isa = PBXVariantGroup;
			children = (
				AF8974631D4D80E500C19020 /* Base */,
			);
			name = Main.storyboard;
			sourceTree = "<group>";
		};
		AF8974671D4D80E500C19020 /* LaunchScreen.storyboard */ = {
			isa = PBXVariantGroup;
			children = (
				AF8974681D4D80E500C19020 /* Base */,
			);
			name = LaunchScreen.storyboard;
			sourceTree = "<group>";
		};
/* End PBXVariantGroup section */

/* Begin XCBuildConfiguration section */
		AF1AC55C1DF5A6A100DCBA13 /* Debug */ = {
			isa = XCBuildConfiguration;
			buildSettings = {
				CLANG_WARN_DOCUMENTATION_COMMENTS = YES;
				CLANG_WARN_SUSPICIOUS_MOVES = YES;
				DEVELOPMENT_TEAM = R2XL2EPM9B;
				INFOPLIST_FILE = KratoCustomNotification/Info.plist;
				IPHONEOS_DEPLOYMENT_TARGET = 10.1;
				LD_RUNPATH_SEARCH_PATHS = "$(inherited) @executable_path/Frameworks @executable_path/../../Frameworks";
				PRODUCT_BUNDLE_IDENTIFIER = com.tekratos.kratos.KratoCustomNotification;
				PRODUCT_NAME = "$(TARGET_NAME)";
				SKIP_INSTALL = YES;
				SWIFT_ACTIVE_COMPILATION_CONDITIONS = DEBUG;
				SWIFT_VERSION = 3.0;
			};
			name = Debug;
		};
		AF1AC55D1DF5A6A100DCBA13 /* Release */ = {
			isa = XCBuildConfiguration;
			buildSettings = {
				CLANG_WARN_DOCUMENTATION_COMMENTS = YES;
				CLANG_WARN_SUSPICIOUS_MOVES = YES;
				DEVELOPMENT_TEAM = R2XL2EPM9B;
				INFOPLIST_FILE = KratoCustomNotification/Info.plist;
				IPHONEOS_DEPLOYMENT_TARGET = 10.1;
				LD_RUNPATH_SEARCH_PATHS = "$(inherited) @executable_path/Frameworks @executable_path/../../Frameworks";
				PRODUCT_BUNDLE_IDENTIFIER = com.tekratos.kratos.KratoCustomNotification;
				PRODUCT_NAME = "$(TARGET_NAME)";
				SKIP_INSTALL = YES;
				SWIFT_VERSION = 3.0;
			};
			name = Release;
		};
		AF8974811D4D80E500C19020 /* Debug */ = {
			isa = XCBuildConfiguration;
			buildSettings = {
				ALWAYS_SEARCH_USER_PATHS = NO;
				CLANG_ANALYZER_NONNULL = YES;
				CLANG_CXX_LANGUAGE_STANDARD = "gnu++0x";
				CLANG_CXX_LIBRARY = "libc++";
				CLANG_ENABLE_MODULES = YES;
				CLANG_ENABLE_OBJC_ARC = YES;
				CLANG_WARN_BOOL_CONVERSION = YES;
				CLANG_WARN_CONSTANT_CONVERSION = YES;
				CLANG_WARN_DIRECT_OBJC_ISA_USAGE = YES_ERROR;
				CLANG_WARN_EMPTY_BODY = YES;
				CLANG_WARN_ENUM_CONVERSION = YES;
				CLANG_WARN_INFINITE_RECURSION = YES;
				CLANG_WARN_INT_CONVERSION = YES;
				CLANG_WARN_OBJC_ROOT_CLASS = YES_ERROR;
				CLANG_WARN_SUSPICIOUS_MOVE = YES;
				CLANG_WARN_UNREACHABLE_CODE = YES;
				CLANG_WARN__DUPLICATE_METHOD_MATCH = YES;
				"CODE_SIGN_IDENTITY[sdk=iphoneos*]" = "iPhone Developer";
				COPY_PHASE_STRIP = NO;
				DEBUG_INFORMATION_FORMAT = dwarf;
				ENABLE_STRICT_OBJC_MSGSEND = YES;
				ENABLE_TESTABILITY = YES;
				GCC_C_LANGUAGE_STANDARD = gnu99;
				GCC_DYNAMIC_NO_PIC = NO;
				GCC_GENERATE_TEST_COVERAGE_FILES = YES;
				GCC_NO_COMMON_BLOCKS = YES;
				GCC_OPTIMIZATION_LEVEL = 0;
				GCC_PREPROCESSOR_DEFINITIONS = (
					"DEBUG=1",
					"$(inherited)",
				);
				GCC_WARN_64_TO_32_BIT_CONVERSION = YES;
				GCC_WARN_ABOUT_RETURN_TYPE = YES_ERROR;
				GCC_WARN_UNDECLARED_SELECTOR = YES;
				GCC_WARN_UNINITIALIZED_AUTOS = YES_AGGRESSIVE;
				GCC_WARN_UNUSED_FUNCTION = YES;
				GCC_WARN_UNUSED_VARIABLE = YES;
				IPHONEOS_DEPLOYMENT_TARGET = 10.0;
				MTL_ENABLE_DEBUG_INFO = YES;
				ONLY_ACTIVE_ARCH = YES;
				SDKROOT = iphoneos;
				SWIFT_OPTIMIZATION_LEVEL = "-Onone";
				SWIFT_VERSION = 2.3;
			};
			name = Debug;
		};
		AF8974821D4D80E500C19020 /* Release */ = {
			isa = XCBuildConfiguration;
			buildSettings = {
				ALWAYS_SEARCH_USER_PATHS = NO;
				CLANG_ANALYZER_NONNULL = YES;
				CLANG_CXX_LANGUAGE_STANDARD = "gnu++0x";
				CLANG_CXX_LIBRARY = "libc++";
				CLANG_ENABLE_MODULES = YES;
				CLANG_ENABLE_OBJC_ARC = YES;
				CLANG_WARN_BOOL_CONVERSION = YES;
				CLANG_WARN_CONSTANT_CONVERSION = YES;
				CLANG_WARN_DIRECT_OBJC_ISA_USAGE = YES_ERROR;
				CLANG_WARN_EMPTY_BODY = YES;
				CLANG_WARN_ENUM_CONVERSION = YES;
				CLANG_WARN_INFINITE_RECURSION = YES;
				CLANG_WARN_INT_CONVERSION = YES;
				CLANG_WARN_OBJC_ROOT_CLASS = YES_ERROR;
				CLANG_WARN_SUSPICIOUS_MOVE = YES;
				CLANG_WARN_UNREACHABLE_CODE = YES;
				CLANG_WARN__DUPLICATE_METHOD_MATCH = YES;
				"CODE_SIGN_IDENTITY[sdk=iphoneos*]" = "iPhone Developer";
				COPY_PHASE_STRIP = NO;
				DEBUG_INFORMATION_FORMAT = "dwarf-with-dsym";
				ENABLE_NS_ASSERTIONS = NO;
				ENABLE_STRICT_OBJC_MSGSEND = YES;
				GCC_C_LANGUAGE_STANDARD = gnu99;
				GCC_GENERATE_TEST_COVERAGE_FILES = YES;
				GCC_NO_COMMON_BLOCKS = YES;
				GCC_WARN_64_TO_32_BIT_CONVERSION = YES;
				GCC_WARN_ABOUT_RETURN_TYPE = YES_ERROR;
				GCC_WARN_UNDECLARED_SELECTOR = YES;
				GCC_WARN_UNINITIALIZED_AUTOS = YES_AGGRESSIVE;
				GCC_WARN_UNUSED_FUNCTION = YES;
				GCC_WARN_UNUSED_VARIABLE = YES;
				IPHONEOS_DEPLOYMENT_TARGET = 10.0;
				MTL_ENABLE_DEBUG_INFO = NO;
				SDKROOT = iphoneos;
				SWIFT_OPTIMIZATION_LEVEL = "-Owholemodule";
				SWIFT_VERSION = 2.3;
				VALIDATE_PRODUCT = YES;
			};
			name = Release;
		};
		AF8974841D4D80E500C19020 /* Debug */ = {
			isa = XCBuildConfiguration;
			baseConfigurationReference = 9E2C0D1F0BFAA77B0FD2EA1F /* Pods-Kratos.debug.xcconfig */;
			buildSettings = {
				ALWAYS_EMBED_SWIFT_STANDARD_LIBRARIES = YES;
				ASSETCATALOG_COMPILER_APPICON_NAME = AppIcon;
				CODE_SIGN_ENTITLEMENTS = Kratos/Kratos.entitlements;
				DEVELOPMENT_TEAM = R2XL2EPM9B;
				GCC_GENERATE_TEST_COVERAGE_FILES = YES;
				INFOPLIST_FILE = Kratos/Info.plist;
				IPHONEOS_DEPLOYMENT_TARGET = 10.0;
				LD_RUNPATH_SEARCH_PATHS = "$(inherited) @executable_path/Frameworks";
				PRODUCT_BUNDLE_IDENTIFIER = com.tekratos.kratos;
				PRODUCT_NAME = "$(TARGET_NAME)";
				PROVISIONING_PROFILE = "de3d0162-0075-4f23-9a35-b110bf786e5a";
				PROVISIONING_PROFILE_SPECIFIER = KratosDevProvisioningProfile;
				SWIFT_VERSION = 3.0;
			};
			name = Debug;
		};
		AF8974851D4D80E500C19020 /* Release */ = {
			isa = XCBuildConfiguration;
			baseConfigurationReference = CC1513D8F9B156933DC665E0 /* Pods-Kratos.release.xcconfig */;
			buildSettings = {
				ALWAYS_EMBED_SWIFT_STANDARD_LIBRARIES = YES;
				ASSETCATALOG_COMPILER_APPICON_NAME = AppIcon;
				CODE_SIGN_ENTITLEMENTS = Kratos/Kratos.entitlements;
				"CODE_SIGN_IDENTITY[sdk=iphoneos*]" = "iPhone Distribution";
				DEVELOPMENT_TEAM = R2XL2EPM9B;
				GCC_GENERATE_TEST_COVERAGE_FILES = YES;
				INFOPLIST_FILE = Kratos/Info.plist;
				IPHONEOS_DEPLOYMENT_TARGET = 10.0;
				LD_RUNPATH_SEARCH_PATHS = "$(inherited) @executable_path/Frameworks";
				PRODUCT_BUNDLE_IDENTIFIER = com.tekratos.kratos;
				PRODUCT_NAME = "$(TARGET_NAME)";
				PROVISIONING_PROFILE = "c692e893-d970-4939-b7cf-5942d028be14";
				PROVISIONING_PROFILE_SPECIFIER = KratosDistributionProvisioningProfile;
				SWIFT_VERSION = 3.0;
			};
			name = Release;
		};
		AF8974871D4D80E500C19020 /* Debug */ = {
			isa = XCBuildConfiguration;
			baseConfigurationReference = F565D52ED48E5392122D4225 /* Pods-KratosTests.debug.xcconfig */;
			buildSettings = {
				BUNDLE_LOADER = "$(TEST_HOST)";
				INFOPLIST_FILE = KratosTests/Info.plist;
				LD_RUNPATH_SEARCH_PATHS = "$(inherited) @executable_path/Frameworks @loader_path/Frameworks";
				PRODUCT_BUNDLE_IDENTIFIER = Volcan.KratosTests;
				PRODUCT_NAME = "$(TARGET_NAME)";
				SWIFT_VERSION = 3.0;
				TEST_HOST = "$(BUILT_PRODUCTS_DIR)/Kratos.app/Kratos";
			};
			name = Debug;
		};
		AF8974881D4D80E500C19020 /* Release */ = {
			isa = XCBuildConfiguration;
			baseConfigurationReference = 4BFF11366D212637D2B6765E /* Pods-KratosTests.release.xcconfig */;
			buildSettings = {
				BUNDLE_LOADER = "$(TEST_HOST)";
				INFOPLIST_FILE = KratosTests/Info.plist;
				LD_RUNPATH_SEARCH_PATHS = "$(inherited) @executable_path/Frameworks @loader_path/Frameworks";
				PRODUCT_BUNDLE_IDENTIFIER = Volcan.KratosTests;
				PRODUCT_NAME = "$(TARGET_NAME)";
				SWIFT_VERSION = 3.0;
				TEST_HOST = "$(BUILT_PRODUCTS_DIR)/Kratos.app/Kratos";
			};
			name = Release;
		};
		AF89748A1D4D80E500C19020 /* Debug */ = {
			isa = XCBuildConfiguration;
			baseConfigurationReference = 76680437267A207995EC63FD /* Pods-KratosUITests.debug.xcconfig */;
			buildSettings = {
				INFOPLIST_FILE = KratosUITests/Info.plist;
				LD_RUNPATH_SEARCH_PATHS = "$(inherited) @executable_path/Frameworks @loader_path/Frameworks";
				PRODUCT_BUNDLE_IDENTIFIER = Volcan.KratosUITests;
				PRODUCT_NAME = "$(TARGET_NAME)";
				SWIFT_VERSION = 3.0;
				TEST_TARGET_NAME = Kratos;
			};
			name = Debug;
		};
		AF89748B1D4D80E500C19020 /* Release */ = {
			isa = XCBuildConfiguration;
			baseConfigurationReference = D3612F895CFC028A6B2F2353 /* Pods-KratosUITests.release.xcconfig */;
			buildSettings = {
				INFOPLIST_FILE = KratosUITests/Info.plist;
				LD_RUNPATH_SEARCH_PATHS = "$(inherited) @executable_path/Frameworks @loader_path/Frameworks";
				PRODUCT_BUNDLE_IDENTIFIER = Volcan.KratosUITests;
				PRODUCT_NAME = "$(TARGET_NAME)";
				SWIFT_VERSION = 3.0;
				TEST_TARGET_NAME = Kratos;
			};
			name = Release;
		};
/* End XCBuildConfiguration section */

/* Begin XCConfigurationList section */
		AF1AC55E1DF5A6A100DCBA13 /* Build configuration list for PBXNativeTarget "KratoCustomNotification" */ = {
			isa = XCConfigurationList;
			buildConfigurations = (
				AF1AC55C1DF5A6A100DCBA13 /* Debug */,
				AF1AC55D1DF5A6A100DCBA13 /* Release */,
			);
			defaultConfigurationIsVisible = 0;
			defaultConfigurationName = Release;
		};
		AF8974561D4D80E500C19020 /* Build configuration list for PBXProject "Kratos" */ = {
			isa = XCConfigurationList;
			buildConfigurations = (
				AF8974811D4D80E500C19020 /* Debug */,
				AF8974821D4D80E500C19020 /* Release */,
			);
			defaultConfigurationIsVisible = 0;
			defaultConfigurationName = Release;
		};
		AF8974831D4D80E500C19020 /* Build configuration list for PBXNativeTarget "Kratos" */ = {
			isa = XCConfigurationList;
			buildConfigurations = (
				AF8974841D4D80E500C19020 /* Debug */,
				AF8974851D4D80E500C19020 /* Release */,
			);
			defaultConfigurationIsVisible = 0;
			defaultConfigurationName = Release;
		};
		AF8974861D4D80E500C19020 /* Build configuration list for PBXNativeTarget "KratosTests" */ = {
			isa = XCConfigurationList;
			buildConfigurations = (
				AF8974871D4D80E500C19020 /* Debug */,
				AF8974881D4D80E500C19020 /* Release */,
			);
			defaultConfigurationIsVisible = 0;
			defaultConfigurationName = Release;
		};
		AF8974891D4D80E500C19020 /* Build configuration list for PBXNativeTarget "KratosUITests" */ = {
			isa = XCConfigurationList;
			buildConfigurations = (
				AF89748A1D4D80E500C19020 /* Debug */,
				AF89748B1D4D80E500C19020 /* Release */,
			);
			defaultConfigurationIsVisible = 0;
			defaultConfigurationName = Release;
		};
/* End XCConfigurationList section */
	};
	rootObject = AF8974531D4D80E500C19020 /* Project object */;
}
